{
  "name": "thechrisgrey-blueprint",
  "version": "0.1.0",
  "lockfileVersion": 3,
  "requires": true,
  "packages": {
    "": {
      "name": "thechrisgrey-blueprint",
      "version": "0.1.0",
      "dependencies": {
        "@aws-sdk/client-bedrock-runtime": "^3.1068.0",
        "@aws-sdk/client-cloudwatch": "^3.1068.0",
        "@aws-sdk/client-dynamodb": "^3.1068.0",
        "@aws-sdk/lib-dynamodb": "^3.1079.0",
        "@sanity/client": "^7.22.1",
        "lambda-shared": "file:../shared",
        "zod": "^4.4.3"
      }
    },
    "../shared": {
      "name": "lambda-shared",
      "version": "1.0.0",
      "dependencies": {
        "@aws-sdk/client-cloudwatch": "^3.1068.0"
      }
    },
    "node_modules/@aws-crypto/sha256-browser": {
      "version": "5.2.0",
      "resolved": "https://registry.npmjs.org/@aws-crypto/sha256-browser/-/sha256-browser-5.2.0.tgz",
      "integrity": "sha512-AXfN/lGotSQwu6HNcEsIASo7kWXZ5HYWvfOmSNKDsEqC4OashTp8alTmaz+F7TC2L083SFv5RdB+qU3Vs1kZqw==",
      "license": "Apache-2.0",
      "dependencies": {
        "@aws-crypto/sha256-js": "^5.2.0",
        "@aws-crypto/supports-web-crypto": "^5.2.0",
        "@aws-crypto/util": "^5.2.0",
        "@aws-sdk/types": "^3.222.0",
        "@aws-sdk/util-locate-window": "^3.0.0",
        "@smithy/util-utf8": "^2.0.0",
        "tslib": "^2.6.2"
      }
    },
    "node_modules/@aws-crypto/sha256-js": {
      "version": "5.2.0",
      "resolved": "https://registry.npmjs.org/@aws-crypto/sha256-js/-/sha256-js-5.2.0.tgz",
      "integrity": "sha512-FFQQyu7edu4ufvIZ+OadFpHHOt+eSTBaYaki44c+akjg7qZg9oOQeLlk77F6tSYqjDAFClrHJk9tMf0HdVyOvA==",
      "license": "Apache-2.0",
      "dependencies": {
        "@aws-crypto/util": "^5.2.0",
        "@aws-sdk/types": "^3.222.0",
        "tslib": "^2.6.2"
      },
      "engines": {
        "node": ">=16.0.0"
      }
    },
    "node_modules/@aws-crypto/supports-web-crypto": {
      "version": "5.2.0",
      "resolved": "https://registry.npmjs.org/@aws-crypto/supports-web-crypto/-/supports-web-crypto-5.2.0.tgz",
      "integrity": "sha512-iAvUotm021kM33eCdNfwIN//F77/IADDSs58i+MDaOqFrVjZo9bAal0NK7HurRuWLLpF1iLX7gbWrjHjeo+YFg==",
      "license": "Apache-2.0",
      "dependencies": {
        "tslib": "^2.6.2"
      }
    },
    "node_modules/@aws-crypto/util": {
      "version": "5.2.0",
      "resolved": "https://registry.npmjs.org/@aws-crypto/util/-/util-5.2.0.tgz",
      "integrity": "sha512-4RkU9EsI6ZpBve5fseQlGNUWKMa1RLPQ1dnjnQoe07ldfIzcsGb5hC5W0Dm7u423KWzawlrpbjXBrXCEv9zazQ==",
      "license": "Apache-2.0",
      "dependencies": {
        "@aws-sdk/types": "^3.222.0",
        "@smithy/util-utf8": "^2.0.0",
        "tslib": "^2.6.2"
      }
    },
    "node_modules/@aws-sdk/client-bedrock-runtime": {
      "version": "3.1068.0",
      "resolved": "https://registry.npmjs.org/@aws-sdk/client-bedrock-runtime/-/client-bedrock-runtime-3.1068.0.tgz",
      "integrity": "sha512-0p4XoL8a6k5K+dF6mLByOEoOaF+BwRzSWLF87Xnxrs5xvrTezOmytNq+TZxZ3a2XuTW8JcLijchXeOlTZK+VPA==",
      "license": "Apache-2.0",
      "dependencies": {
        "@aws-crypto/sha256-browser": "5.2.0",
        "@aws-crypto/sha256-js": "5.2.0",
        "@aws-sdk/core": "^3.974.20",
        "@aws-sdk/credential-provider-node": "^3.972.55",
        "@aws-sdk/eventstream-handler-node": "^3.972.21",
        "@aws-sdk/middleware-eventstream": "^3.972.17",
        "@aws-sdk/middleware-websocket": "^3.972.28",
        "@aws-sdk/token-providers": "3.1068.0",
        "@aws-sdk/types": "^3.973.12",
        "@smithy/core": "^3.24.6",
        "@smithy/fetch-http-handler": "^5.4.6",
        "@smithy/node-http-handler": "^4.7.6",
        "@smithy/types": "^4.14.3",
        "tslib": "^2.6.2"
      },
      "engines": {
        "node": ">=20.0.0"
      }
    },
    "node_modules/@aws-sdk/client-cloudwatch": {
      "version": "3.1068.0",
      "resolved": "https://registry.npmjs.org/@aws-sdk/client-cloudwatch/-/client-cloudwatch-3.1068.0.tgz",
      "integrity": "sha512-aa3reGxP/APKyYeEqpHdYRt5R/XRbJaxGRwqri6OIXdtvqCPfBtEn7KvVUSaTVFWS/xOwr/06lJgUCuQZV01HQ==",
      "license": "Apache-2.0",
      "dependencies": {
        "@aws-crypto/sha256-browser": "5.2.0",
        "@aws-crypto/sha256-js": "5.2.0",
        "@aws-sdk/core": "^3.974.20",
        "@aws-sdk/credential-provider-node": "^3.972.55",
        "@aws-sdk/types": "^3.973.12",
        "@smithy/core": "^3.24.6",
        "@smithy/fetch-http-handler": "^5.4.6",
        "@smithy/middleware-compression": "^4.4.6",
        "@smithy/node-http-handler": "^4.7.6",
        "@smithy/types": "^4.14.3",
        "tslib": "^2.6.2"
      },
      "engines": {
        "node": ">=20.0.0"
      }
    },
    "node_modules/@aws-sdk/client-dynamodb": {
      "version": "3.1085.0",
      "resolved": "https://registry.npmjs.org/@aws-sdk/client-dynamodb/-/client-dynamodb-3.1085.0.tgz",
      "integrity": "sha512-EpEFvJm+YjrCeDeXTQcbvk2zviLhKxM7exEiuAXXs4QT6h8HemeMY3gxF0S4gScjzhu3VdDXjLLnlJczIj/49w==",
      "license": "Apache-2.0",
      "dependencies": {
        "@aws-sdk/core": "^3.975.1",
        "@aws-sdk/credential-provider-node": "^3.972.66",
        "@aws-sdk/dynamodb-codec": "^3.973.31",
        "@aws-sdk/middleware-endpoint-discovery": "^3.972.23",
        "@aws-sdk/types": "^3.974.0",
        "@smithy/core": "^3.29.2",
        "@smithy/fetch-http-handler": "^5.6.4",
        "@smithy/node-http-handler": "^4.9.4",
        "@smithy/types": "^4.16.0",
        "tslib": "^2.6.2"
      },
      "engines": {
        "node": ">=20.0.0"
      }
    },
    "node_modules/@aws-sdk/core": {
      "version": "3.975.1",
      "resolved": "https://registry.npmjs.org/@aws-sdk/core/-/core-3.975.1.tgz",
      "integrity": "sha512-8qh/6EYb7hl/ZwVfQufhbMEZs1gQIc7GbdrIf4eprQJ7cv042+74nE6l3YDfyWNzb9iPXb8fRyYSHkNIk5eE6Q==",
      "license": "Apache-2.0",
      "dependencies": {
        "@aws-sdk/types": "^3.974.0",
        "@aws-sdk/xml-builder": "^3.972.34",
        "@aws/lambda-invoke-store": "^0.3.0",
        "@smithy/core": "^3.29.2",
        "@smithy/signature-v4": "^5.6.3",
        "@smithy/types": "^4.16.0",
        "bowser": "^2.11.0",
        "tslib": "^2.6.2"
      },
      "engines": {
        "node": ">=20.0.0"
      }
    },
    "node_modules/@aws-sdk/credential-provider-env": {
      "version": "3.972.57",
      "resolved": "https://registry.npmjs.org/@aws-sdk/credential-provider-env/-/credential-provider-env-3.972.57.tgz",
      "integrity": "sha512-1RfJaF7SW1TOnvNGU7kaYjwUf5H3sfm+synGH1bHhRlqcnxCt3szebH3dmKEyY4tuGcbQ6ffzUT89cRitBV8OQ==",
      "license": "Apache-2.0",
      "dependencies": {
        "@aws-sdk/core": "^3.975.1",
        "@aws-sdk/types": "^3.974.0",
        "@smithy/core": "^3.29.2",
        "@smithy/types": "^4.16.0",
        "tslib": "^2.6.2"
      },
      "engines": {
        "node": ">=20.0.0"
      }
    },
    "node_modules/@aws-sdk/credential-provider-http": {
      "version": "3.972.59",
      "resolved": "https://registry.npmjs.org/@aws-sdk/credential-provider-http/-/credential-provider-http-3.972.59.tgz",
      "integrity": "sha512-sRCkpTiFnCdQvuaRVjQ6SVoHu6i7RUpurVo1c4F81HWhPvUJ7Wdp5MNtSdX1O29CNXc8em3O5m52hCjVtAD9SA==",
      "license": "Apache-2.0",
      "dependencies": {
        "@aws-sdk/core": "^3.975.1",
        "@aws-sdk/types": "^3.974.0",
        "@smithy/core": "^3.29.2",
        "@smithy/fetch-http-handler": "^5.6.4",
        "@smithy/node-http-handler": "^4.9.4",
        "@smithy/types": "^4.16.0",
        "tslib": "^2.6.2"
      },
      "engines": {
        "node": ">=20.0.0"
      }
    },
    "node_modules/@aws-sdk/credential-provider-ini": {
      "version": "3.973.1",
      "resolved": "https://registry.npmjs.org/@aws-sdk/credential-provider-ini/-/credential-provider-ini-3.973.1.tgz",
      "integrity": "sha512-6d8H6ZAh3ZPKZ6fe1nG2OWeZEZPtt9ravoD1dezPdPtsSkJRoxGAnFSHwKT3E/Te6fHE30zRzjV6TD12rvF6yQ==",
      "license": "Apache-2.0",
      "dependencies": {
        "@aws-sdk/core": "^3.975.1",
        "@aws-sdk/credential-provider-env": "^3.972.57",
        "@aws-sdk/credential-provider-http": "^3.972.59",
        "@aws-sdk/credential-provider-login": "^3.972.63",
        "@aws-sdk/credential-provider-process": "^3.972.57",
        "@aws-sdk/credential-provider-sso": "^3.973.1",
        "@aws-sdk/credential-provider-web-identity": "^3.972.63",
        "@aws-sdk/nested-clients": "^3.997.31",
        "@aws-sdk/types": "^3.974.0",
        "@smithy/core": "^3.29.2",
        "@smithy/credential-provider-imds": "^4.4.7",
        "@smithy/types": "^4.16.0",
        "tslib": "^2.6.2"
      },
      "engines": {
        "node": ">=20.0.0"
      }
    },
    "node_modules/@aws-sdk/credential-provider-login": {
      "version": "3.972.63",
      "resolved": "https://registry.npmjs.org/@aws-sdk/credential-provider-login/-/credential-provider-login-3.972.63.tgz",
      "integrity": "sha512-GREWRrMj0XnNKMaVa/Mauoaui26qBEHu71WWqXbwZOu/jFQOnPZjTf7u0KtGKC8VGa6VUs9kDWGgocrKNLS9vw==",
      "license": "Apache-2.0",
      "dependencies": {
        "@aws-sdk/core": "^3.975.1",
        "@aws-sdk/nested-clients": "^3.997.31",
        "@aws-sdk/types": "^3.974.0",
        "@smithy/core": "^3.29.2",
        "@smithy/types": "^4.16.0",
        "tslib": "^2.6.2"
      },
      "engines": {
        "node": ">=20.0.0"
      }
    },
    "node_modules/@aws-sdk/credential-provider-node": {
      "version": "3.972.66",
      "resolved": "https://registry.npmjs.org/@aws-sdk/credential-provider-node/-/credential-provider-node-3.972.66.tgz",
      "integrity": "sha512-f+qjRXZpz7sgzbc4QB+6nLKfyKFgRRXzWdXbsKPv/VhVRyHsDyq4yBWC/B75BAJpFIcUeI2XR/3gdWJ677zB4A==",
      "license": "Apache-2.0",
      "dependencies": {
        "@aws-sdk/credential-provider-env": "^3.972.57",
        "@aws-sdk/credential-provider-http": "^3.972.59",
        "@aws-sdk/credential-provider-ini": "^3.973.1",
        "@aws-sdk/credential-provider-process": "^3.972.57",
        "@aws-sdk/credential-provider-sso": "^3.973.1",
        "@aws-sdk/credential-provider-web-identity": "^3.972.63",
        "@aws-sdk/types": "^3.974.0",
        "@smithy/core": "^3.29.2",
        "@smithy/credential-provider-imds": "^4.4.7",
        "@smithy/types": "^4.16.0",
        "tslib": "^2.6.2"
      },
      "engines": {
        "node": ">=20.0.0"
      }
    },
    "node_modules/@aws-sdk/credential-provider-process": {
      "version": "3.972.57",
      "resolved": "https://registry.npmjs.org/@aws-sdk/credential-provider-process/-/credential-provider-process-3.972.57.tgz",
      "integrity": "sha512-TiVQhuU0pbhIZAUZacbPHMyzrIdiH+lnx+PMY/Pu/b93dJrq3wdZwzUJ0TPpvNxaqbHsxJvQZW3/h/beLiKq7Q==",
      "license": "Apache-2.0",
      "dependencies": {
        "@aws-sdk/core": "^3.975.1",
        "@aws-sdk/types": "^3.974.0",
        "@smithy/core": "^3.29.2",
        "@smithy/types": "^4.16.0",
        "tslib": "^2.6.2"
      },
      "engines": {
        "node": ">=20.0.0"
      }
    },
    "node_modules/@aws-sdk/credential-provider-sso": {
      "version": "3.973.1",
      "resolved": "https://registry.npmjs.org/@aws-sdk/credential-provider-sso/-/credential-provider-sso-3.973.1.tgz",
      "integrity": "sha512-3foTZUJ4821Ij60X7K3NJroygiZLnbBmarN+T//O2cjkISan90zElN3NBmgSlDrTQ7Gs6z/yO8V7h60QNcDZHQ==",
      "license": "Apache-2.0",
      "dependencies": {
        "@aws-sdk/core": "^3.975.1",
        "@aws-sdk/nested-clients": "^3.997.31",
        "@aws-sdk/token-providers": "3.1083.0",
        "@aws-sdk/types": "^3.974.0",
        "@smithy/core": "^3.29.2",
        "@smithy/types": "^4.16.0",
        "tslib": "^2.6.2"
      },
      "engines": {
        "node": ">=20.0.0"
      }
    },
    "node_modules/@aws-sdk/credential-provider-sso/node_modules/@aws-sdk/token-providers": {
      "version": "3.1083.0",
      "resolved": "https://registry.npmjs.org/@aws-sdk/token-providers/-/token-providers-3.1083.0.tgz",
      "integrity": "sha512-s0woKnxuHrExLc5L2ArIH5BMkbonHPtt+5hSBM8oknp9M6QTuUmmAmJ2E0EdzCGONrO+8+ADPqvv6UX0nNcc7A==",
      "license": "Apache-2.0",
      "dependencies": {
        "@aws-sdk/core": "^3.975.1",
        "@aws-sdk/nested-clients": "^3.997.31",
        "@aws-sdk/types": "^3.974.0",
        "@smithy/core": "^3.29.2",
        "@smithy/types": "^4.16.0",
        "tslib": "^2.6.2"
      },
      "engines": {
        "node": ">=20.0.0"
      }
    },
    "node_modules/@aws-sdk/credential-provider-web-identity": {
      "version": "3.972.63",
      "resolved": "https://registry.npmjs.org/@aws-sdk/credential-provider-web-identity/-/credential-provider-web-identity-3.972.63.tgz",
      "integrity": "sha512-8qZLFhM69eKcS37m459ctPR05Qimycm/74OPVioe6wNZabMT54GYhwBju0+J656RkMasNSawWQu+c8CmBe3TUQ==",
      "license": "Apache-2.0",
      "dependencies": {
        "@aws-sdk/core": "^3.975.1",
        "@aws-sdk/nested-clients": "^3.997.31",
        "@aws-sdk/types": "^3.974.0",
        "@smithy/core": "^3.29.2",
        "@smithy/types": "^4.16.0",
        "tslib": "^2.6.2"
      },
      "engines": {
        "node": ">=20.0.0"
      }
    },
    "node_modules/@aws-sdk/dynamodb-codec": {
      "version": "3.973.31",
      "resolved": "https://registry.npmjs.org/@aws-sdk/dynamodb-codec/-/dynamodb-codec-3.973.31.tgz",
      "integrity": "sha512-R8hSxTSdx49/Vz4qVvIQXtx10ka9mVxkXHvT43AYTYF7bb/TyzD/7BXcGTrsGYeJ6PV0y8RlNLGn2HumjHbsxw==",
      "license": "Apache-2.0",
      "dependencies": {
        "@aws-sdk/core": "^3.975.1",
        "@smithy/core": "^3.29.2",
        "@smithy/types": "^4.16.0",
        "tslib": "^2.6.2"
      },
      "engines": {
        "node": ">=20.0.0"
      }
    },
    "node_modules/@aws-sdk/endpoint-cache": {
      "version": "3.972.9",
      "resolved": "https://registry.npmjs.org/@aws-sdk/endpoint-cache/-/endpoint-cache-3.972.9.tgz",
      "integrity": "sha512-LFvdgq8SriaskUcjpBMDE7J2c9RmuT5v3gU36/znV71EU5DKUis4FmGFjCMelKCCViFeVrQADBAlIiOYRhEx6Q==",
      "license": "Apache-2.0",
      "dependencies": {
        "mnemonist": "0.38.3",
        "tslib": "^2.6.2"
      },
      "engines": {
        "node": ">=20.0.0"
      }
    },
    "node_modules/@aws-sdk/eventstream-handler-node": {
      "version": "3.972.21",
      "resolved": "https://registry.npmjs.org/@aws-sdk/eventstream-handler-node/-/eventstream-handler-node-3.972.21.tgz",
      "integrity": "sha512-mVC0hOmwGJmNFezZ+wM8Sqfap/LjsMavEf2Evl0YWrLAcrdZOEdjnY8nRvgakVViWJSGm2eJxLuPVHGdeV06kA==",
      "license": "Apache-2.0",
      "dependencies": {
        "@aws-sdk/types": "^3.973.12",
        "@smithy/core": "^3.24.6",
        "@smithy/types": "^4.14.3",
        "tslib": "^2.6.2"
      },
      "engines": {
        "node": ">=20.0.0"
      }
    },
    "node_modules/@aws-sdk/lib-dynamodb": {
      "version": "3.1085.0",
      "resolved": "https://registry.npmjs.org/@aws-sdk/lib-dynamodb/-/lib-dynamodb-3.1085.0.tgz",
      "integrity": "sha512-S0ejNYEEb+uLUlZ9KF157dJVLMZqBelGyYlPOZBv82ChQ4uD2GK1XUaDsfFdzqXxdwCfYUtC/4n6/sE/vHgFlQ==",
      "license": "Apache-2.0",
      "dependencies": {
        "@aws-sdk/core": "^3.975.1",
        "@aws-sdk/util-dynamodb": "^3.996.6",
        "@smithy/core": "^3.29.2",
        "@smithy/types": "^4.16.0",
        "tslib": "^2.6.2"
      },
      "engines": {
        "node": ">=20.0.0"
      },
      "peerDependencies": {
        "@aws-sdk/client-dynamodb": "^3.1085.0"
      }
    },
    "node_modules/@aws-sdk/middleware-endpoint-discovery": {
      "version": "3.972.23",
      "resolved": "https://registry.npmjs.org/@aws-sdk/middleware-endpoint-discovery/-/middleware-endpoint-discovery-3.972.23.tgz",
      "integrity": "sha512-FoEkpD2A8haYWNT4wp8zW1x0Hc+NyxcnKJ2Hf4jX8EI5R4ybo1LRI3ql7iuFX1MTyklZx9hum9dPkq6R46pQMw==",
      "license": "Apache-2.0",
      "dependencies": {
        "@aws-sdk/endpoint-cache": "^3.972.9",
        "@aws-sdk/types": "^3.974.0",
        "@smithy/core": "^3.29.2",
        "@smithy/types": "^4.16.0",
        "tslib": "^2.6.2"
      },
      "engines": {
        "node": ">=20.0.0"
      }
    },
    "node_modules/@aws-sdk/middleware-eventstream": {
      "version": "3.972.17",
      "resolved": "https://registry.npmjs.org/@aws-sdk/middleware-eventstream/-/middleware-eventstream-3.972.17.tgz",
      "integrity": "sha512-tdbnXbw73ww62ABWP0G0Z/euvFowEEvAoi/zG4NaZo7HJFpfGho/Z65HyVzkJLT1cMsUregr4pTyxljlarT0wA==",
      "license": "Apache-2.0",
      "dependencies": {
        "@aws-sdk/types": "^3.973.12",
        "@smithy/core": "^3.24.6",
        "@smithy/types": "^4.14.3",
        "tslib": "^2.6.2"
      },
      "engines": {
        "node": ">=20.0.0"
      }
    },
    "node_modules/@aws-sdk/middleware-websocket": {
      "version": "3.972.28",
      "resolved": "https://registry.npmjs.org/@aws-sdk/middleware-websocket/-/middleware-websocket-3.972.28.tgz",
      "integrity": "sha512-SCW06Zjugn86pq7+dxGnFcyWJuEWHT753HTU/Vj/OzVxP+NoShwdAr4ynxAcvWL883OgRVbSqW3ohnjIxwXjjw==",
      "license": "Apache-2.0",
      "dependencies": {
        "@aws-sdk/core": "^3.974.20",
        "@aws-sdk/types": "^3.973.12",
        "@smithy/core": "^3.24.6",
        "@smithy/fetch-http-handler": "^5.4.6",
        "@smithy/signature-v4": "^5.4.6",
        "@smithy/types": "^4.14.3",
        "tslib": "^2.6.2"
      },
      "engines": {
        "node": ">= 14.0.0"
      }
    },
    "node_modules/@aws-sdk/nested-clients": {
      "version": "3.997.31",
      "resolved": "https://registry.npmjs.org/@aws-sdk/nested-clients/-/nested-clients-3.997.31.tgz",
      "integrity": "sha512-BDHTpwcsZHEBNEJzOg/B1BkFYJxAXY50dau/NyVWs3d51F0WgIUGSWZot/Os+N3KpDhXeaXnz37mWffAvduREw==",
      "license": "Apache-2.0",
      "dependencies": {
        "@aws-sdk/core": "^3.975.1",
        "@aws-sdk/signature-v4-multi-region": "^3.996.39",
        "@aws-sdk/types": "^3.974.0",
        "@smithy/core": "^3.29.2",
        "@smithy/fetch-http-handler": "^5.6.4",
        "@smithy/node-http-handler": "^4.9.4",
        "@smithy/types": "^4.16.0",
        "tslib": "^2.6.2"
      },
      "engines": {
        "node": ">=20.0.0"
      }
    },
    "node_modules/@aws-sdk/signature-v4-multi-region": {
      "version": "3.996.39",
      "resolved": "https://registry.npmjs.org/@aws-sdk/signature-v4-multi-region/-/signature-v4-multi-region-3.996.39.tgz",
      "integrity": "sha512-8+srXqYIF8KYMLC4FxMLEM5Ek7kUNibJu1R4m8/fUhhNYIZZz26oGtKkCr8I/HiG2fFQxBvaGgQZT4/mqRCSnA==",
      "license": "Apache-2.0",
      "dependencies": {
        "@aws-sdk/types": "^3.974.0",
        "@smithy/signature-v4": "^5.6.3",
        "@smithy/types": "^4.16.0",
        "tslib": "^2.6.2"
      },
      "engines": {
        "node": ">=20.0.0"
      }
    },
    "node_modules/@aws-sdk/token-providers": {
      "version": "3.1068.0",
      "resolved": "https://registry.npmjs.org/@aws-sdk/token-providers/-/token-providers-3.1068.0.tgz",
      "integrity": "sha512-GWJ20HF5SBa5pSwMdxlZG/5kjncao4nxUYcNjOA/Xw/t/rATxc7bRk9A4U1HYdDO1a1CK1pswliVxcV8IJvmjw==",
      "license": "Apache-2.0",
      "dependencies": {
        "@aws-sdk/core": "^3.974.20",
        "@aws-sdk/nested-clients": "^3.997.20",
        "@aws-sdk/types": "^3.973.12",
        "@smithy/core": "^3.24.6",
        "@smithy/types": "^4.14.3",
        "tslib": "^2.6.2"
      },
      "engines": {
        "node": ">=20.0.0"
      }
    },
    "node_modules/@aws-sdk/types": {
      "version": "3.974.0",
      "resolved": "https://registry.npmjs.org/@aws-sdk/types/-/types-3.974.0.tgz",
      "integrity": "sha512-QIBrw90CDm4O0UaIIzkU6DrFdeJzEb2Va5EPEVpyldj6sHJxB6cshhStJuhZxk3wR3PmjJlYsjPmY1kNb+KGBg==",
      "license": "Apache-2.0",
      "dependencies": {
        "@smithy/types": "^4.16.0",
        "tslib": "^2.6.2"
      },
      "engines": {
        "node": ">=20.0.0"
      }
    },
    "node_modules/@aws-sdk/util-dynamodb": {
      "version": "3.996.6",
      "resolved": "https://registry.npmjs.org/@aws-sdk/util-dynamodb/-/util-dynamodb-3.996.6.tgz",
      "integrity": "sha512-xLimZjA/ebA7jZn4NNkvLgj9WRl14rhidGND6oPt14s7ywe3I64g9X+WJpBraU5UR7loRq2K1tAXZj0FXkWLZg==",
      "license": "Apache-2.0",
      "dependencies": {
        "tslib": "^2.6.2"
      },
      "engines": {
        "node": ">=20.0.0"
      },
      "peerDependencies": {
        "@aws-sdk/client-dynamodb": "^3.1082.0"
      }
    },
    "node_modules/@aws-sdk/util-locate-window": {
      "version": "3.965.7",
      "resolved": "https://registry.npmjs.org/@aws-sdk/util-locate-window/-/util-locate-window-3.965.7.tgz",
      "integrity": "sha512-M0D6oIpohdNHjc7udzTHEQyot0+0iuA36jc2I9Hps+f/GtKi2HO/pyijQnCnNcwZqLB5+rtn81z3eZK/GyjAmA==",
      "license": "Apache-2.0",
      "dependencies": {
        "tslib": "^2.6.2"
      },
      "engines": {
        "node": ">=20.0.0"
      }
    },
    "node_modules/@aws-sdk/xml-builder": {
      "version": "3.972.34",
      "resolved": "https://registry.npmjs.org/@aws-sdk/xml-builder/-/xml-builder-3.972.34.tgz",
      "integrity": "sha512-wHhWL1y7sN3enBA8POrPpQM5jCcmu2ozyhbRei4c8OjVcEaEs6yLucLa/pla457ggS/ysuy7bosagz3HaJkZXA==",
      "license": "Apache-2.0",
      "dependencies": {
        "@smithy/types": "^4.16.0",
        "tslib": "^2.6.2"
      },
      "engines": {
        "node": ">=20.0.0"
      }
    },
    "node_modules/@aws/lambda-invoke-store": {
      "version": "0.3.0",
      "resolved": "https://registry.npmjs.org/@aws/lambda-invoke-store/-/lambda-invoke-store-0.3.0.tgz",
      "integrity": "sha512-sl4Bm6yiMNYrZKkqqDFWN0UfnWhlS8ivKxrYl+6t0gCLrqr8y3B2IqZZbFRkfaVVp7C/baApyh71P+LeE1A2sQ==",
      "license": "Apache-2.0",
      "engines": {
        "node": ">=18.0.0"
      }
    },
    "node_modules/@sanity/client": {
      "version": "7.22.1",
      "resolved": "https://registry.npmjs.org/@sanity/client/-/client-7.22.1.tgz",
      "integrity": "sha512-DrQqLAes7W9Ek2iKgTZ+ffY1v3DURJ6//iXJZMEQSUeRbxls2ifRTdV1gRS26v8nMkL0OCH+WCoUUseD4vhuQQ==",
      "license": "MIT",
      "dependencies": {
        "@sanity/eventsource": "^5.0.2",
        "get-it": "^8.7.2",
        "nanoid": "^3.3.11",
        "rxjs": "^7.0.0"
      },
      "engines": {
        "node": ">=20"
      }
    },
    "node_modules/@sanity/eventsource": {
      "version": "5.0.2",
      "resolved": "https://registry.npmjs.org/@sanity/eventsource/-/eventsource-5.0.2.tgz",
      "integrity": "sha512-/B9PMkUvAlUrpRq0y+NzXgRv5lYCLxZNsBJD2WXVnqZYOfByL9oQBV7KiTaARuObp5hcQYuPfOAVjgXe3hrixA==",
      "license": "MIT",
      "dependencies": {
        "@types/event-source-polyfill": "1.0.5",
        "@types/eventsource": "1.1.15",
        "event-source-polyfill": "1.0.31",
        "eventsource": "2.0.2"
      }
    },
    "node_modules/@smithy/core": {
      "version": "3.29.3",
      "resolved": "https://registry.npmjs.org/@smithy/core/-/core-3.29.3.tgz",
      "integrity": "sha512-L+Ys6ecjk5vwPMAKHBpPKlJ3DkqwNcnfEISXBZIsVvWG/XKXfsAP8mwIYlTeLcd2ElHdesPI8OuOmJSFAPhm6A==",
      "license": "Apache-2.0",
      "dependencies": {
        "@smithy/types": "^4.16.1",
        "tslib": "^2.6.2"
      },
      "engines": {
        "node": ">=18.0.0"
      }
    },
    "node_modules/@smithy/credential-provider-imds": {
      "version": "4.4.8",
      "resolved": "https://registry.npmjs.org/@smithy/credential-provider-imds/-/credential-provider-imds-4.4.8.tgz",
      "integrity": "sha512-q9J7JTiXrAhB8sDp4px97uEPT7CwKH61Co78grdNQvU8QZAdiuaSRhP0tUVf2ogy36RZTrlMU1rBmDEH+cnkiA==",
      "license": "Apache-2.0",
      "dependencies": {
        "@smithy/core": "^3.29.3",
        "@smithy/types": "^4.16.1",
        "tslib": "^2.6.2"
      },
      "engines": {
        "node": ">=18.0.0"
      }
    },
    "node_modules/@smithy/fetch-http-handler": {
      "version": "5.6.5",
      "resolved": "https://registry.npmjs.org/@smithy/fetch-http-handler/-/fetch-http-handler-5.6.5.tgz",
      "integrity": "sha512-SuqeisTyPoiIPtIYru/sGxGyXzmZ+8nnFOhC+qRPglt06Ebd1yH//CDltZB2J/3WBNVhwfUaZ0EtHB3cm2X32g==",
      "license": "Apache-2.0",
      "dependencies": {
        "@smithy/core": "^3.29.3",
        "@smithy/types": "^4.16.1",
        "tslib": "^2.6.2"
      },
      "engines": {
        "node": ">=18.0.0"
      }
    },
    "node_modules/@smithy/is-array-buffer": {
      "version": "2.2.0",
      "resolved": "https://registry.npmjs.org/@smithy/is-array-buffer/-/is-array-buffer-2.2.0.tgz",
      "integrity": "sha512-GGP3O9QFD24uGeAXYUjwSTXARoqpZykHadOmA8G5vfJPK0/DC67qa//0qvqrJzL1xc8WQWX7/yc7fwudjPHPhA==",
      "license": "Apache-2.0",
      "dependencies": {
        "tslib": "^2.6.2"
      },
      "engines": {
        "node": ">=14.0.0"
      }
    },
    "node_modules/@smithy/middleware-compression": {
      "version": "4.4.7",
      "resolved": "https://registry.npmjs.org/@smithy/middleware-compression/-/middleware-compression-4.4.7.tgz",
      "integrity": "sha512-4EZvlI2rE2lAReLGlPPL976EgQslD5Y8jMLhfBlLux8pXfTPjZvYO+GzGbRvY1HpfijSzTQq0dUonUN8XCTJzg==",
      "license": "Apache-2.0",
      "dependencies": {
        "@smithy/core": "^3.24.7",
        "@smithy/types": "^4.14.4",
        "fflate": "0.8.1",
        "tslib": "^2.6.2"
      },
      "engines": {
        "node": ">=18.0.0"
      }
    },
    "node_modules/@smithy/node-http-handler": {
      "version": "4.9.5",
      "resolved": "https://registry.npmjs.org/@smithy/node-http-handler/-/node-http-handler-4.9.5.tgz",
      "integrity": "sha512-bNqdxTQTxmLbomSmlkZFz8L6B/feQ2HHzw4L2zY7Ecp2XffYAZq2uzdWDdxJHJFbEvqd+SRuluJso0P8+xPdbw==",
      "license": "Apache-2.0",
      "dependencies": {
        "@smithy/core": "^3.29.3",
        "@smithy/types": "^4.16.1",
        "tslib": "^2.6.2"
      },
      "engines": {
        "node": ">=18.0.0"
      }
    },
    "node_modules/@smithy/signature-v4": {
      "version": "5.6.4",
      "resolved": "https://registry.npmjs.org/@smithy/signature-v4/-/signature-v4-5.6.4.tgz",
      "integrity": "sha512-B89bpf2t/y/wia6LZ+4JfHXYQT9PnVftsH05rgJKKIStS7r/4XSs9HOjtPoLtgcA6HCW9jVqX5DBbq7E0PAkiQ==",
      "license": "Apache-2.0",
      "dependencies": {
        "@smithy/core": "^3.29.3",
        "@smithy/types": "^4.16.1",
        "tslib": "^2.6.2"
      },
      "engines": {
        "node": ">=18.0.0"
      }
    },
    "node_modules/@smithy/types": {
      "version": "4.16.1",
      "resolved": "https://registry.npmjs.org/@smithy/types/-/types-4.16.1.tgz",
      "integrity": "sha512-0JFs3V2y2M9tKW5na/qxe69Zv+uxLMO7QBbhxF/FHu/Gp2NFZAAL9tWl9PU02xxo07pb3G9FTyjNc6D5uZrJIg==",
      "license": "Apache-2.0",
      "dependencies": {
        "tslib": "^2.6.2"
      },
      "engines": {
        "node": ">=18.0.0"
      }
    },
    "node_modules/@smithy/util-buffer-from": {
      "version": "2.2.0",
      "resolved": "https://registry.npmjs.org/@smithy/util-buffer-from/-/util-buffer-from-2.2.0.tgz",
      "integrity": "sha512-IJdWBbTcMQ6DA0gdNhh/BwrLkDR+ADW5Kr1aZmd4k3DIF6ezMV4R2NIAmT08wQJ3yUK82thHWmC/TnK/wpMMIA==",
      "license": "Apache-2.0",
      "dependencies": {
        "@smithy/is-array-buffer": "^2.2.0",
        "tslib": "^2.6.2"
      },
      "engines": {
        "node": ">=14.0.0"
      }
    },
    "node_modules/@smithy/util-utf8": {
      "version": "2.3.0",
      "resolved": "https://registry.npmjs.org/@smithy/util-utf8/-/util-utf8-2.3.0.tgz",
      "integrity": "sha512-R8Rdn8Hy72KKcebgLiv8jQcQkXoLMOGGv5uI1/k0l+snqkOzQ1R0ChUBCxWMlBsFMekWjq0wRudIweFs7sKT5A==",
      "license": "Apache-2.0",
      "dependencies": {
        "@smithy/util-buffer-from": "^2.2.0",
        "tslib": "^2.6.2"
      },
      "engines": {
        "node": ">=14.0.0"
      }
    },
    "node_modules/@types/event-source-polyfill": {
      "version": "1.0.5",
      "resolved": "https://registry.npmjs.org/@types/event-source-polyfill/-/event-source-polyfill-1.0.5.tgz",
      "integrity": "sha512-iaiDuDI2aIFft7XkcwMzDWLqo7LVDixd2sR6B4wxJut9xcp/Ev9bO4EFg4rm6S9QxATLBj5OPxdeocgmhjwKaw==",
      "license": "MIT"
    },
    "node_modules/@types/eventsource": {
      "version": "1.1.15",
      "resolved": "https://registry.npmjs.org/@types/eventsource/-/eventsource-1.1.15.tgz",
      "integrity": "sha512-XQmGcbnxUNa06HR3VBVkc9+A2Vpi9ZyLJcdS5dwaQQ/4ZMWFO+5c90FnMUpbtMZwB/FChoYHwuVg8TvkECacTA==",
      "license": "MIT"
    },
    "node_modules/bowser": {
      "version": "2.14.1",
      "resolved": "https://registry.npmjs.org/bowser/-/bowser-2.14.1.tgz",
      "integrity": "sha512-tzPjzCxygAKWFOJP011oxFHs57HzIhOEracIgAePE4pqB3LikALKnSzUyU4MGs9/iCEUuHlAJTjTc5M+u7YEGg==",
      "license": "MIT"
    },
    "node_modules/decompress-response": {
      "version": "7.0.0",
      "resolved": "https://registry.npmjs.org/decompress-response/-/decompress-response-7.0.0.tgz",
      "integrity": "sha512-6IvPrADQyyPGLpMnUh6kfKiqy7SrbXbjoUuZ90WMBJKErzv2pCiwlGEXjRX9/54OnTq+XFVnkOnOMzclLI5aEA==",
      "license": "MIT",
      "dependencies": {
        "mimic-response": "^3.1.0"
      },
      "engines": {
        "node": ">=10"
      },
      "funding": {
        "url": "https://github.com/sponsors/sindresorhus"
      }
    },
    "node_modules/event-source-polyfill": {
      "version": "1.0.31",
      "resolved": "https://registry.npmjs.org/event-source-polyfill/-/event-source-polyfill-1.0.31.tgz",
      "integrity": "sha512-4IJSItgS/41IxN5UVAVuAyczwZF7ZIEsM1XAoUzIHA6A+xzusEZUutdXz2Nr+MQPLxfTiCvqE79/C8HT8fKFvA==",
      "license": "MIT"
    },
    "node_modules/eventsource": {
      "version": "2.0.2",
      "resolved": "https://registry.npmjs.org/eventsource/-/eventsource-2.0.2.tgz",
      "integrity": "sha512-IzUmBGPR3+oUG9dUeXynyNmf91/3zUSJg1lCktzKw47OXuhco54U3r9B7O4XX+Rb1Itm9OZ2b0RkTs10bICOxA==",
      "license": "MIT",
      "engines": {
        "node": ">=12.0.0"
      }
    },
    "node_modules/fflate": {
      "version": "0.8.1",
      "resolved": "https://registry.npmjs.org/fflate/-/fflate-0.8.1.tgz",
      "integrity": "sha512-/exOvEuc+/iaUm105QIiOt4LpBdMTWsXxqR0HDF35vx3fmaKzw7354gTilCh5rkzEt8WYyG//ku3h3nRmd7CHQ==",
      "license": "MIT"
    },
    "node_modules/get-it": {
      "version": "8.8.0",
      "resolved": "https://registry.npmjs.org/get-it/-/get-it-8.8.0.tgz",
      "integrity": "sha512-vRyooMBzoIdEbARGT3JcvWqMD67YzC5SKlMqofyfck1ebLh2zzlpD4hVQ3xiuuiADk4jNs0rTezVlxCMqOlZfA==",
      "license": "MIT",
      "dependencies": {
        "decompress-response": "^7.0.0",
        "is-retry-allowed": "^2.2.0",
        "through2": "^4.0.2",
        "tunnel-agent": "^0.6.0"
      },
      "engines": {
        "node": ">=14.0.0"
      }
    },
    "node_modules/inherits": {
      "version": "2.0.4",
      "resolved": "https://registry.npmjs.org/inherits/-/inherits-2.0.4.tgz",
      "integrity": "sha512-k/vGaX4/Yla3WzyMCvTQOXYeIHvqOKtnqBduzTHpzpQZzAskKMhZ2K+EnBiSM9zGSoIFeMpXKxa4dYeZIQqewQ==",
      "license": "ISC"
    },
    "node_modules/is-retry-allowed": {
      "version": "2.2.0",
      "resolved": "https://registry.npmjs.org/is-retry-allowed/-/is-retry-allowed-2.2.0.tgz",
      "integrity": "sha512-XVm7LOeLpTW4jV19QSH38vkswxoLud8sQ57YwJVTPWdiaI9I8keEhGFpBlslyVsgdQy4Opg8QOLb8YRgsyZiQg==",
      "license": "MIT",
      "engines": {
        "node": ">=10"
      },
      "funding": {
        "url": "https://github.com/sponsors/sindresorhus"
      }
    },
    "node_modules/lambda-shared": {
      "resolved": "../shared",
      "link": true
    },
    "node_modules/mimic-response": {
      "version": "3.1.0",
      "resolved": "https://registry.npmjs.org/mimic-response/-/mimic-response-3.1.0.tgz",
      "integrity": "sha512-z0yWI+4FDrrweS8Zmt4Ej5HdJmky15+L2e6Wgn3+iK5fWzb6T3fhNFq2+MeTRb064c6Wr4N/wv0DzQTjNzHNGQ==",
      "license": "MIT",
      "engines": {
        "node": ">=10"
      },
      "funding": {
        "url": "https://github.com/sponsors/sindresorhus"
      }
    },
    "node_modules/mnemonist": {
      "version": "0.38.3",
      "resolved": "https://registry.npmjs.org/mnemonist/-/mnemonist-0.38.3.tgz",
      "integrity": "sha512-2K9QYubXx/NAjv4VLq1d1Ly8pWNC5L3BrixtdkyTegXWJIqY+zLNDhhX/A+ZwWt70tB1S8H4BE8FLYEFyNoOBw==",
      "license": "MIT",
      "dependencies": {
        "obliterator": "^1.6.1"
      }
    },
    "node_modules/nanoid": {
      "version": "3.3.12",
      "resolved": "https://registry.npmjs.org/nanoid/-/nanoid-3.3.12.tgz",
      "integrity": "sha512-ZB9RH/39qpq5Vu6Y+NmUaFhQR6pp+M2Xt76XBnEwDaGcVAqhlvxrl3B2bKS5D3NH3QR76v3aSrKaF/Kiy7lEtQ==",
      "funding": [
        {
          "type": "github",
          "url": "https://github.com/sponsors/ai"
        }
      ],
      "license": "MIT",
      "bin": {
        "nanoid": "bin/nanoid.cjs"
      },
      "engines": {
        "node": "^10 || ^12 || ^13.7 || ^14 || >=15.0.1"
      }
    },
    "node_modules/obliterator": {
      "version": "1.6.1",
      "resolved": "https://registry.npmjs.org/obliterator/-/obliterator-1.6.1.tgz",
      "integrity": "sha512-9WXswnqINnnhOG/5SLimUlzuU1hFJUc8zkwyD59Sd+dPOMf05PmnYG/d6Q7HZ+KmgkZJa1PxRso6QdM3sTNHig==",
      "license": "MIT"
    },
    "node_modules/readable-stream": {
      "version": "3.6.2",
      "resolved": "https://registry.npmjs.org/readable-stream/-/readable-stream-3.6.2.tgz",
      "integrity": "sha512-9u/sniCrY3D5WdsERHzHE4G2YCXqoG5FTHUiCC4SIbr6XcLZBY05ya9EKjYek9O5xOAwjGq+1JdGBAS7Q9ScoA==",
      "license": "MIT",
      "dependencies": {
        "inherits": "^2.0.3",
        "string_decoder": "^1.1.1",
        "util-deprecate": "^1.0.1"
      },
      "engines": {
        "node": ">= 6"
      }
    },
    "node_modules/rxjs": {
      "version": "7.8.2",
      "resolved": "https://registry.npmjs.org/rxjs/-/rxjs-7.8.2.tgz",
      "integrity": "sha512-dhKf903U/PQZY6boNNtAGdWbG85WAbjT/1xYoZIC7FAY0yWapOBQVsVrDl58W86//e1VpMNBtRV4MaXfdMySFA==",
      "license": "Apache-2.0",
      "dependencies": {
        "tslib": "^2.1.0"
      }
    },
    "node_modules/safe-buffer": {
      "version": "5.2.1",
      "resolved": "https://registry.npmjs.org/safe-buffer/-/safe-buffer-5.2.1.tgz",
      "integrity": "sha512-rp3So07KcdmmKbGvgaNxQSJr7bGVSVk5S9Eq1F+ppbRo70+YeaDxkw5Dd8NPN+GD6bjnYm2VuPuCXmpuYvmCXQ==",
      "funding": [
        {
          "type": "github",
          "url": "https://github.com/sponsors/feross"
        },
        {
          "type": "patreon",
          "url": "https://www.patreon.com/feross"
        },
        {
          "type": "consulting",
          "url": "https://feross.org/support"
        }
      ],
      "license": "MIT"
    },
    "node_modules/string_decoder": {
      "version": "1.3.0",
      "resolved": "https://registry.npmjs.org/string_decoder/-/string_decoder-1.3.0.tgz",
      "integrity": "sha512-hkRX8U1WjJFd8LsDJ2yQ/wWWxaopEsABU1XfkM8A+j0+85JAGppt16cr1Whg6KIbb4okU6Mql6BOj+uup/wKeA==",
      "license": "MIT",
      "dependencies": {
        "safe-buffer": "~5.2.0"
      }
    },
    "node_modules/through2": {
      "version": "4.0.2",
      "resolved": "https://registry.npmjs.org/through2/-/through2-4.0.2.tgz",
      "integrity": "sha512-iOqSav00cVxEEICeD7TjLB1sueEL+81Wpzp2bY17uZjZN0pWZPuo4suZ/61VujxmqSGFfgOcNuTZ85QJwNZQpw==",
      "license": "MIT",
      "dependencies": {
        "readable-stream": "3"
      }
    },
    "node_modules/tslib": {
      "version": "2.8.1",
      "resolved": "https://registry.npmjs.org/tslib/-/tslib-2.8.1.tgz",
      "integrity": "sha512-oJFu94HQb+KVduSUQL7wnpmqnfmLsOA/nAh6b6EH0wCEoK0/mPeXU6c3wKDV83MkOuHPRHtSXKKU99IBazS/2w==",
      "license": "0BSD"
    },
    "node_modules/tunnel-agent": {
      "version": "0.6.0",
      "resolved": "https://registry.npmjs.org/tunnel-agent/-/tunnel-agent-0.6.0.tgz",
      "integrity": "sha512-McnNiV1l8RYeY8tBgEpuodCC1mLUdbSN+CYBL7kJsJNInOP8UjDDEwdk6Mw60vdLLrr5NHKZhMAOSrR2NZuQ+w==",
      "license": "Apache-2.0",
      "dependencies": {
        "safe-buffer": "^5.0.1"
      },
      "engines": {
        "node": "*"
      }
    },
    "node_modules/util-deprecate": {
      "version": "1.0.2",
      "resolved": "https://registry.npmjs.org/util-deprecate/-/util-deprecate-1.0.2.tgz",
      "integrity": "sha512-EPD5q1uXyFxJpCrLnCc1nHnq3gOa6DZBocAIiI2TaSCA7VCJ1UJDMagCzIkXNsUYfD1daK//LTEQ8xiIbrHtcw==",
      "license": "MIT"
    },
    "node_modules/zod": {
      "version": "4.4.3",
      "resolved": "https://registry.npmjs.org/zod/-/zod-4.4.3.tgz",
      "integrity": "sha512-ytENFjIJFl2UwYglde2jchW2Hwm4GJFLDiSXWdTrJQBIN9Fcyp7n4DhxJEiWNAJMV1/BqWfW/kkg71UDcHJyTQ==",
      "license": "MIT",
      "funding": {
        "url": "https://github.com/sponsors/colinhacks"
      }
    }
  }
}
