{
  "name": "thechrisgrey-session-token",
  "version": "1.0.0",
  "lockfileVersion": 3,
  "requires": true,
  "packages": {
    "": {
      "name": "thechrisgrey-session-token",
      "version": "1.0.0",
      "dependencies": {
        "@aws-sdk/client-cloudwatch": "^3.1068.0",
        "@aws-sdk/client-dynamodb": "^3.1068.0",
        "@aws-sdk/lib-dynamodb": "^3.1079.0",
        "@sentry/node": "^10.0.0",
        "lambda-shared": "file:../shared",
        "posthog-node": "^5.39.4"
      }
    },
    "../shared": {
      "name": "lambda-shared",
      "version": "1.0.0",
      "dependencies": {
        "@aws-sdk/client-cloudwatch": "^3.1068.0",
        "@sentry/node": "^10.0.0",
        "posthog-node": "^5.39.4"
      }
    },
    "node_modules/@apm-js-collab/code-transformer": {
      "version": "0.15.0",
      "resolved": "https://registry.npmjs.org/@apm-js-collab/code-transformer/-/code-transformer-0.15.0.tgz",
      "integrity": "sha512-XmXYVs8CzJ1Aj79noVbn2weUO/XWtRyURpGqx7aU7DOXlUQhR0WKOQNF0okh7PCeY37vxf7kU3v57OAkEPm3ww==",
      "license": "Apache-2.0",
      "dependencies": {
        "@types/estree": "^1.0.8",
        "astring": "^1.9.0",
        "esquery": "^1.7.0",
        "meriyah": "^6.1.4",
        "semifies": "^1.0.0",
        "source-map": "^0.6.0"
      },
      "bin": {
        "code-transformer": "cli.js"
      }
    },
    "node_modules/@apm-js-collab/code-transformer-bundler-plugins": {
      "version": "0.5.0",
      "resolved": "https://registry.npmjs.org/@apm-js-collab/code-transformer-bundler-plugins/-/code-transformer-bundler-plugins-0.5.0.tgz",
      "integrity": "sha512-YxLBY5nGlurL7QeJLq6e5g0ouBpAp0pwgyA/5rHXEXwhiPLn9ZHbT+Y2LlP90GT872cSocfjWRYu/fnpuBudNQ==",
      "license": "MIT",
      "dependencies": {
        "@apm-js-collab/code-transformer": "^0.15.0",
        "es-module-lexer": "^2.1.0",
        "magic-string": "^0.30.21",
        "module-details-from-path": "^1.0.4"
      },
      "engines": {
        "node": ">=18.0.0"
      }
    },
    "node_modules/@apm-js-collab/tracing-hooks": {
      "version": "0.10.1",
      "resolved": "https://registry.npmjs.org/@apm-js-collab/tracing-hooks/-/tracing-hooks-0.10.1.tgz",
      "integrity": "sha512-w2OWXR7FWrKqSziuE9+QclaZrStxO/8+OwbXM635s/zs0Eez1Qo3ivSPdB2WsaPY/iznKTytONPx/PitD7IXcA==",
      "license": "Apache-2.0",
      "dependencies": {
        "@apm-js-collab/code-transformer": "^0.15.0",
        "debug": "^4.4.1",
        "module-details-from-path": "^1.0.4"
      }
    },
    "node_modules/@aws-sdk/client-cloudwatch": {
      "version": "3.1082.0",
      "resolved": "https://registry.npmjs.org/@aws-sdk/client-cloudwatch/-/client-cloudwatch-3.1082.0.tgz",
      "integrity": "sha512-SzdjZUGhWuhQ3GYCFtQM2/9lTojJQLNno76sY6N8IAB6NSFVGB0T97QMQGQJoypodgseo+uq6QpEVi/0JS4GZg==",
      "license": "Apache-2.0",
      "dependencies": {
        "@aws-sdk/core": "^3.975.0",
        "@aws-sdk/credential-provider-node": "^3.972.65",
        "@aws-sdk/types": "^3.974.0",
        "@smithy/core": "^3.29.2",
        "@smithy/fetch-http-handler": "^5.6.4",
        "@smithy/middleware-compression": "^4.5.7",
        "@smithy/node-http-handler": "^4.9.4",
        "@smithy/types": "^4.16.0",
        "tslib": "^2.6.2"
      },
      "engines": {
        "node": ">=20.0.0"
      }
    },
    "node_modules/@aws-sdk/client-dynamodb": {
      "version": "3.1085.0",
      "resolved": "https://registry.npmjs.org/@aws-sdk/client-dynamodb/-/client-dynamodb-3.1085.0.tgz",
      "integrity": "sha512-EpEFvJm+YjrCeDeXTQcbvk2zviLhKxM7exEiuAXXs4QT6h8HemeMY3gxF0S4gScjzhu3VdDXjLLnlJczIj/49w==",
      "license": "Apache-2.0",
      "dependencies": {
        "@aws-sdk/core": "^3.975.1",
        "@aws-sdk/credential-provider-node": "^3.972.66",
        "@aws-sdk/dynamodb-codec": "^3.973.31",
        "@aws-sdk/middleware-endpoint-discovery": "^3.972.23",
        "@aws-sdk/types": "^3.974.0",
        "@smithy/core": "^3.29.2",
        "@smithy/fetch-http-handler": "^5.6.4",
        "@smithy/node-http-handler": "^4.9.4",
        "@smithy/types": "^4.16.0",
        "tslib": "^2.6.2"
      },
      "engines": {
        "node": ">=20.0.0"
      }
    },
    "node_modules/@aws-sdk/core": {
      "version": "3.975.1",
      "resolved": "https://registry.npmjs.org/@aws-sdk/core/-/core-3.975.1.tgz",
      "integrity": "sha512-8qh/6EYb7hl/ZwVfQufhbMEZs1gQIc7GbdrIf4eprQJ7cv042+74nE6l3YDfyWNzb9iPXb8fRyYSHkNIk5eE6Q==",
      "license": "Apache-2.0",
      "dependencies": {
        "@aws-sdk/types": "^3.974.0",
        "@aws-sdk/xml-builder": "^3.972.34",
        "@aws/lambda-invoke-store": "^0.3.0",
        "@smithy/core": "^3.29.2",
        "@smithy/signature-v4": "^5.6.3",
        "@smithy/types": "^4.16.0",
        "bowser": "^2.11.0",
        "tslib": "^2.6.2"
      },
      "engines": {
        "node": ">=20.0.0"
      }
    },
    "node_modules/@aws-sdk/credential-provider-env": {
      "version": "3.972.57",
      "resolved": "https://registry.npmjs.org/@aws-sdk/credential-provider-env/-/credential-provider-env-3.972.57.tgz",
      "integrity": "sha512-1RfJaF7SW1TOnvNGU7kaYjwUf5H3sfm+synGH1bHhRlqcnxCt3szebH3dmKEyY4tuGcbQ6ffzUT89cRitBV8OQ==",
      "license": "Apache-2.0",
      "dependencies": {
        "@aws-sdk/core": "^3.975.1",
        "@aws-sdk/types": "^3.974.0",
        "@smithy/core": "^3.29.2",
        "@smithy/types": "^4.16.0",
        "tslib": "^2.6.2"
      },
      "engines": {
        "node": ">=20.0.0"
      }
    },
    "node_modules/@aws-sdk/credential-provider-http": {
      "version": "3.972.59",
      "resolved": "https://registry.npmjs.org/@aws-sdk/credential-provider-http/-/credential-provider-http-3.972.59.tgz",
      "integrity": "sha512-sRCkpTiFnCdQvuaRVjQ6SVoHu6i7RUpurVo1c4F81HWhPvUJ7Wdp5MNtSdX1O29CNXc8em3O5m52hCjVtAD9SA==",
      "license": "Apache-2.0",
      "dependencies": {
        "@aws-sdk/core": "^3.975.1",
        "@aws-sdk/types": "^3.974.0",
        "@smithy/core": "^3.29.2",
        "@smithy/fetch-http-handler": "^5.6.4",
        "@smithy/node-http-handler": "^4.9.4",
        "@smithy/types": "^4.16.0",
        "tslib": "^2.6.2"
      },
      "engines": {
        "node": ">=20.0.0"
      }
    },
    "node_modules/@aws-sdk/credential-provider-ini": {
      "version": "3.973.1",
      "resolved": "https://registry.npmjs.org/@aws-sdk/credential-provider-ini/-/credential-provider-ini-3.973.1.tgz",
      "integrity": "sha512-6d8H6ZAh3ZPKZ6fe1nG2OWeZEZPtt9ravoD1dezPdPtsSkJRoxGAnFSHwKT3E/Te6fHE30zRzjV6TD12rvF6yQ==",
      "license": "Apache-2.0",
      "dependencies": {
        "@aws-sdk/core": "^3.975.1",
        "@aws-sdk/credential-provider-env": "^3.972.57",
        "@aws-sdk/credential-provider-http": "^3.972.59",
        "@aws-sdk/credential-provider-login": "^3.972.63",
        "@aws-sdk/credential-provider-process": "^3.972.57",
        "@aws-sdk/credential-provider-sso": "^3.973.1",
        "@aws-sdk/credential-provider-web-identity": "^3.972.63",
        "@aws-sdk/nested-clients": "^3.997.31",
        "@aws-sdk/types": "^3.974.0",
        "@smithy/core": "^3.29.2",
        "@smithy/credential-provider-imds": "^4.4.7",
        "@smithy/types": "^4.16.0",
        "tslib": "^2.6.2"
      },
      "engines": {
        "node": ">=20.0.0"
      }
    },
    "node_modules/@aws-sdk/credential-provider-login": {
      "version": "3.972.63",
      "resolved": "https://registry.npmjs.org/@aws-sdk/credential-provider-login/-/credential-provider-login-3.972.63.tgz",
      "integrity": "sha512-GREWRrMj0XnNKMaVa/Mauoaui26qBEHu71WWqXbwZOu/jFQOnPZjTf7u0KtGKC8VGa6VUs9kDWGgocrKNLS9vw==",
      "license": "Apache-2.0",
      "dependencies": {
        "@aws-sdk/core": "^3.975.1",
        "@aws-sdk/nested-clients": "^3.997.31",
        "@aws-sdk/types": "^3.974.0",
        "@smithy/core": "^3.29.2",
        "@smithy/types": "^4.16.0",
        "tslib": "^2.6.2"
      },
      "engines": {
        "node": ">=20.0.0"
      }
    },
    "node_modules/@aws-sdk/credential-provider-node": {
      "version": "3.972.66",
      "resolved": "https://registry.npmjs.org/@aws-sdk/credential-provider-node/-/credential-provider-node-3.972.66.tgz",
      "integrity": "sha512-f+qjRXZpz7sgzbc4QB+6nLKfyKFgRRXzWdXbsKPv/VhVRyHsDyq4yBWC/B75BAJpFIcUeI2XR/3gdWJ677zB4A==",
      "license": "Apache-2.0",
      "dependencies": {
        "@aws-sdk/credential-provider-env": "^3.972.57",
        "@aws-sdk/credential-provider-http": "^3.972.59",
        "@aws-sdk/credential-provider-ini": "^3.973.1",
        "@aws-sdk/credential-provider-process": "^3.972.57",
        "@aws-sdk/credential-provider-sso": "^3.973.1",
        "@aws-sdk/credential-provider-web-identity": "^3.972.63",
        "@aws-sdk/types": "^3.974.0",
        "@smithy/core": "^3.29.2",
        "@smithy/credential-provider-imds": "^4.4.7",
        "@smithy/types": "^4.16.0",
        "tslib": "^2.6.2"
      },
      "engines": {
        "node": ">=20.0.0"
      }
    },
    "node_modules/@aws-sdk/credential-provider-process": {
      "version": "3.972.57",
      "resolved": "https://registry.npmjs.org/@aws-sdk/credential-provider-process/-/credential-provider-process-3.972.57.tgz",
      "integrity": "sha512-TiVQhuU0pbhIZAUZacbPHMyzrIdiH+lnx+PMY/Pu/b93dJrq3wdZwzUJ0TPpvNxaqbHsxJvQZW3/h/beLiKq7Q==",
      "license": "Apache-2.0",
      "dependencies": {
        "@aws-sdk/core": "^3.975.1",
        "@aws-sdk/types": "^3.974.0",
        "@smithy/core": "^3.29.2",
        "@smithy/types": "^4.16.0",
        "tslib": "^2.6.2"
      },
      "engines": {
        "node": ">=20.0.0"
      }
    },
    "node_modules/@aws-sdk/credential-provider-sso": {
      "version": "3.973.1",
      "resolved": "https://registry.npmjs.org/@aws-sdk/credential-provider-sso/-/credential-provider-sso-3.973.1.tgz",
      "integrity": "sha512-3foTZUJ4821Ij60X7K3NJroygiZLnbBmarN+T//O2cjkISan90zElN3NBmgSlDrTQ7Gs6z/yO8V7h60QNcDZHQ==",
      "license": "Apache-2.0",
      "dependencies": {
        "@aws-sdk/core": "^3.975.1",
        "@aws-sdk/nested-clients": "^3.997.31",
        "@aws-sdk/token-providers": "3.1083.0",
        "@aws-sdk/types": "^3.974.0",
        "@smithy/core": "^3.29.2",
        "@smithy/types": "^4.16.0",
        "tslib": "^2.6.2"
      },
      "engines": {
        "node": ">=20.0.0"
      }
    },
    "node_modules/@aws-sdk/credential-provider-web-identity": {
      "version": "3.972.63",
      "resolved": "https://registry.npmjs.org/@aws-sdk/credential-provider-web-identity/-/credential-provider-web-identity-3.972.63.tgz",
      "integrity": "sha512-8qZLFhM69eKcS37m459ctPR05Qimycm/74OPVioe6wNZabMT54GYhwBju0+J656RkMasNSawWQu+c8CmBe3TUQ==",
      "license": "Apache-2.0",
      "dependencies": {
        "@aws-sdk/core": "^3.975.1",
        "@aws-sdk/nested-clients": "^3.997.31",
        "@aws-sdk/types": "^3.974.0",
        "@smithy/core": "^3.29.2",
        "@smithy/types": "^4.16.0",
        "tslib": "^2.6.2"
      },
      "engines": {
        "node": ">=20.0.0"
      }
    },
    "node_modules/@aws-sdk/dynamodb-codec": {
      "version": "3.973.31",
      "resolved": "https://registry.npmjs.org/@aws-sdk/dynamodb-codec/-/dynamodb-codec-3.973.31.tgz",
      "integrity": "sha512-R8hSxTSdx49/Vz4qVvIQXtx10ka9mVxkXHvT43AYTYF7bb/TyzD/7BXcGTrsGYeJ6PV0y8RlNLGn2HumjHbsxw==",
      "license": "Apache-2.0",
      "dependencies": {
        "@aws-sdk/core": "^3.975.1",
        "@smithy/core": "^3.29.2",
        "@smithy/types": "^4.16.0",
        "tslib": "^2.6.2"
      },
      "engines": {
        "node": ">=20.0.0"
      }
    },
    "node_modules/@aws-sdk/endpoint-cache": {
      "version": "3.972.9",
      "resolved": "https://registry.npmjs.org/@aws-sdk/endpoint-cache/-/endpoint-cache-3.972.9.tgz",
      "integrity": "sha512-LFvdgq8SriaskUcjpBMDE7J2c9RmuT5v3gU36/znV71EU5DKUis4FmGFjCMelKCCViFeVrQADBAlIiOYRhEx6Q==",
      "license": "Apache-2.0",
      "dependencies": {
        "mnemonist": "0.38.3",
        "tslib": "^2.6.2"
      },
      "engines": {
        "node": ">=20.0.0"
      }
    },
    "node_modules/@aws-sdk/lib-dynamodb": {
      "version": "3.1085.0",
      "resolved": "https://registry.npmjs.org/@aws-sdk/lib-dynamodb/-/lib-dynamodb-3.1085.0.tgz",
      "integrity": "sha512-S0ejNYEEb+uLUlZ9KF157dJVLMZqBelGyYlPOZBv82ChQ4uD2GK1XUaDsfFdzqXxdwCfYUtC/4n6/sE/vHgFlQ==",
      "license": "Apache-2.0",
      "dependencies": {
        "@aws-sdk/core": "^3.975.1",
        "@aws-sdk/util-dynamodb": "^3.996.6",
        "@smithy/core": "^3.29.2",
        "@smithy/types": "^4.16.0",
        "tslib": "^2.6.2"
      },
      "engines": {
        "node": ">=20.0.0"
      },
      "peerDependencies": {
        "@aws-sdk/client-dynamodb": "^3.1085.0"
      }
    },
    "node_modules/@aws-sdk/middleware-endpoint-discovery": {
      "version": "3.972.23",
      "resolved": "https://registry.npmjs.org/@aws-sdk/middleware-endpoint-discovery/-/middleware-endpoint-discovery-3.972.23.tgz",
      "integrity": "sha512-FoEkpD2A8haYWNT4wp8zW1x0Hc+NyxcnKJ2Hf4jX8EI5R4ybo1LRI3ql7iuFX1MTyklZx9hum9dPkq6R46pQMw==",
      "license": "Apache-2.0",
      "dependencies": {
        "@aws-sdk/endpoint-cache": "^3.972.9",
        "@aws-sdk/types": "^3.974.0",
        "@smithy/core": "^3.29.2",
        "@smithy/types": "^4.16.0",
        "tslib": "^2.6.2"
      },
      "engines": {
        "node": ">=20.0.0"
      }
    },
    "node_modules/@aws-sdk/nested-clients": {
      "version": "3.997.31",
      "resolved": "https://registry.npmjs.org/@aws-sdk/nested-clients/-/nested-clients-3.997.31.tgz",
      "integrity": "sha512-BDHTpwcsZHEBNEJzOg/B1BkFYJxAXY50dau/NyVWs3d51F0WgIUGSWZot/Os+N3KpDhXeaXnz37mWffAvduREw==",
      "license": "Apache-2.0",
      "dependencies": {
        "@aws-sdk/core": "^3.975.1",
        "@aws-sdk/signature-v4-multi-region": "^3.996.39",
        "@aws-sdk/types": "^3.974.0",
        "@smithy/core": "^3.29.2",
        "@smithy/fetch-http-handler": "^5.6.4",
        "@smithy/node-http-handler": "^4.9.4",
        "@smithy/types": "^4.16.0",
        "tslib": "^2.6.2"
      },
      "engines": {
        "node": ">=20.0.0"
      }
    },
    "node_modules/@aws-sdk/signature-v4-multi-region": {
      "version": "3.996.39",
      "resolved": "https://registry.npmjs.org/@aws-sdk/signature-v4-multi-region/-/signature-v4-multi-region-3.996.39.tgz",
      "integrity": "sha512-8+srXqYIF8KYMLC4FxMLEM5Ek7kUNibJu1R4m8/fUhhNYIZZz26oGtKkCr8I/HiG2fFQxBvaGgQZT4/mqRCSnA==",
      "license": "Apache-2.0",
      "dependencies": {
        "@aws-sdk/types": "^3.974.0",
        "@smithy/signature-v4": "^5.6.3",
        "@smithy/types": "^4.16.0",
        "tslib": "^2.6.2"
      },
      "engines": {
        "node": ">=20.0.0"
      }
    },
    "node_modules/@aws-sdk/token-providers": {
      "version": "3.1083.0",
      "resolved": "https://registry.npmjs.org/@aws-sdk/token-providers/-/token-providers-3.1083.0.tgz",
      "integrity": "sha512-s0woKnxuHrExLc5L2ArIH5BMkbonHPtt+5hSBM8oknp9M6QTuUmmAmJ2E0EdzCGONrO+8+ADPqvv6UX0nNcc7A==",
      "license": "Apache-2.0",
      "dependencies": {
        "@aws-sdk/core": "^3.975.1",
        "@aws-sdk/nested-clients": "^3.997.31",
        "@aws-sdk/types": "^3.974.0",
        "@smithy/core": "^3.29.2",
        "@smithy/types": "^4.16.0",
        "tslib": "^2.6.2"
      },
      "engines": {
        "node": ">=20.0.0"
      }
    },
    "node_modules/@aws-sdk/types": {
      "version": "3.974.0",
      "resolved": "https://registry.npmjs.org/@aws-sdk/types/-/types-3.974.0.tgz",
      "integrity": "sha512-QIBrw90CDm4O0UaIIzkU6DrFdeJzEb2Va5EPEVpyldj6sHJxB6cshhStJuhZxk3wR3PmjJlYsjPmY1kNb+KGBg==",
      "license": "Apache-2.0",
      "dependencies": {
        "@smithy/types": "^4.16.0",
        "tslib": "^2.6.2"
      },
      "engines": {
        "node": ">=20.0.0"
      }
    },
    "node_modules/@aws-sdk/util-dynamodb": {
      "version": "3.996.6",
      "resolved": "https://registry.npmjs.org/@aws-sdk/util-dynamodb/-/util-dynamodb-3.996.6.tgz",
      "integrity": "sha512-xLimZjA/ebA7jZn4NNkvLgj9WRl14rhidGND6oPt14s7ywe3I64g9X+WJpBraU5UR7loRq2K1tAXZj0FXkWLZg==",
      "license": "Apache-2.0",
      "dependencies": {
        "tslib": "^2.6.2"
      },
      "engines": {
        "node": ">=20.0.0"
      },
      "peerDependencies": {
        "@aws-sdk/client-dynamodb": "^3.1082.0"
      }
    },
    "node_modules/@aws-sdk/xml-builder": {
      "version": "3.972.34",
      "resolved": "https://registry.npmjs.org/@aws-sdk/xml-builder/-/xml-builder-3.972.34.tgz",
      "integrity": "sha512-wHhWL1y7sN3enBA8POrPpQM5jCcmu2ozyhbRei4c8OjVcEaEs6yLucLa/pla457ggS/ysuy7bosagz3HaJkZXA==",
      "license": "Apache-2.0",
      "dependencies": {
        "@smithy/types": "^4.16.0",
        "tslib": "^2.6.2"
      },
      "engines": {
        "node": ">=20.0.0"
      }
    },
    "node_modules/@aws/lambda-invoke-store": {
      "version": "0.3.0",
      "resolved": "https://registry.npmjs.org/@aws/lambda-invoke-store/-/lambda-invoke-store-0.3.0.tgz",
      "integrity": "sha512-sl4Bm6yiMNYrZKkqqDFWN0UfnWhlS8ivKxrYl+6t0gCLrqr8y3B2IqZZbFRkfaVVp7C/baApyh71P+LeE1A2sQ==",
      "license": "Apache-2.0",
      "engines": {
        "node": ">=18.0.0"
      }
    },
    "node_modules/@jridgewell/sourcemap-codec": {
      "version": "1.5.5",
      "resolved": "https://registry.npmjs.org/@jridgewell/sourcemap-codec/-/sourcemap-codec-1.5.5.tgz",
      "integrity": "sha512-cYQ9310grqxueWbl+WuIUIaiUaDcj7WOq5fVhEljNVgRfOUhY9fy2zTvfoqWsnebh8Sl70VScFbICvJnLKB0Og==",
      "license": "MIT"
    },
    "node_modules/@opentelemetry/api": {
      "version": "1.9.1",
      "resolved": "https://registry.npmjs.org/@opentelemetry/api/-/api-1.9.1.tgz",
      "integrity": "sha512-gLyJlPHPZYdAk1JENA9LeHejZe1Ti77/pTeFm/nMXmQH/HFZlcS/O2XJB+L8fkbrNSqhdtlvjBVjxwUYanNH5Q==",
      "license": "Apache-2.0",
      "engines": {
        "node": ">=8.0.0"
      }
    },
    "node_modules/@opentelemetry/api-logs": {
      "version": "0.220.0",
      "resolved": "https://registry.npmjs.org/@opentelemetry/api-logs/-/api-logs-0.220.0.tgz",
      "integrity": "sha512-CmVa4ImJ+ynfrPMNaAXHET6Bhb44SwzmfyVJFq9ni2jgXJR/l7C6gfVFddNmHP+ZOkP9cf4f9DBe68qVLTHc9w==",
      "license": "Apache-2.0",
      "dependencies": {
        "@opentelemetry/api": "^1.3.0"
      },
      "engines": {
        "node": ">=8.0.0"
      }
    },
    "node_modules/@opentelemetry/core": {
      "version": "2.9.0",
      "resolved": "https://registry.npmjs.org/@opentelemetry/core/-/core-2.9.0.tgz",
      "integrity": "sha512-m2nckMT80NnmjTYSPjJQObBJ+8dgkoajEOUbznL8AHZ3T3yHRk2P7gI1PhEBc1+lOnrYE9UWrWHqJDsmqjmNbw==",
      "license": "Apache-2.0",
      "dependencies": {
        "@opentelemetry/semantic-conventions": "^1.29.0"
      },
      "engines": {
        "node": "^18.19.0 || >=20.6.0"
      },
      "peerDependencies": {
        "@opentelemetry/api": ">=1.0.0 <1.10.0"
      }
    },
    "node_modules/@opentelemetry/instrumentation": {
      "version": "0.220.0",
      "resolved": "https://registry.npmjs.org/@opentelemetry/instrumentation/-/instrumentation-0.220.0.tgz",
      "integrity": "sha512-xQx3E2WxP1mDvKzxLxX+CTCtNLa560YJZ3087qYHerl2YmiKpv7AH+dAy7vmx+eVrZ5BwhfWUAVoKOoxCNHcpw==",
      "license": "Apache-2.0",
      "dependencies": {
        "@opentelemetry/api-logs": "0.220.0",
        "import-in-the-middle": "^3.0.0",
        "require-in-the-middle": "^8.0.0"
      },
      "engines": {
        "node": "^18.19.0 || >=20.6.0"
      },
      "peerDependencies": {
        "@opentelemetry/api": "^1.3.0"
      }
    },
    "node_modules/@opentelemetry/resources": {
      "version": "2.9.0",
      "resolved": "https://registry.npmjs.org/@opentelemetry/resources/-/resources-2.9.0.tgz",
      "integrity": "sha512-jyA5MBLQ+Dkl3+JsZkUoUvL7yHvU64kLsvpXKarWm6347Sl1t1bXFTFykUePNpT5WH5pm9a2Qtt03iIYQhZ1Fg==",
      "license": "Apache-2.0",
      "dependencies": {
        "@opentelemetry/core": "2.9.0",
        "@opentelemetry/semantic-conventions": "^1.29.0"
      },
      "engines": {
        "node": "^18.19.0 || >=20.6.0"
      },
      "peerDependencies": {
        "@opentelemetry/api": ">=1.3.0 <1.10.0"
      }
    },
    "node_modules/@opentelemetry/sdk-trace": {
      "version": "2.9.0",
      "resolved": "https://registry.npmjs.org/@opentelemetry/sdk-trace/-/sdk-trace-2.9.0.tgz",
      "integrity": "sha512-sGA19HvtrrSKYsseHphluH6j3p6Xa3fqc7c7y8f/7mYWejc1lyDFcpSdD1kYa50HCLUeEo4zA5bW0pniaPszuw==",
      "license": "Apache-2.0",
      "dependencies": {
        "@opentelemetry/core": "2.9.0",
        "@opentelemetry/resources": "2.9.0",
        "@opentelemetry/semantic-conventions": "^1.29.0"
      },
      "engines": {
        "node": "^18.19.0 || >=20.6.0"
      },
      "peerDependencies": {
        "@opentelemetry/api": ">=1.3.0 <1.10.0"
      }
    },
    "node_modules/@opentelemetry/sdk-trace-base": {
      "version": "2.9.0",
      "resolved": "https://registry.npmjs.org/@opentelemetry/sdk-trace-base/-/sdk-trace-base-2.9.0.tgz",
      "integrity": "sha512-cp9zmTl62R8PJrpvFcmc8N2JQU/xfa0S+61q511Nji+QxCfZ8Ifvg7H27G8cANe4crg4RTrWsVvanHiXjSp6ag==",
      "license": "Apache-2.0",
      "dependencies": {
        "@opentelemetry/core": "2.9.0",
        "@opentelemetry/resources": "2.9.0",
        "@opentelemetry/sdk-trace": "2.9.0",
        "@opentelemetry/semantic-conventions": "^1.29.0"
      },
      "engines": {
        "node": "^18.19.0 || >=20.6.0"
      },
      "peerDependencies": {
        "@opentelemetry/api": ">=1.3.0 <1.10.0"
      }
    },
    "node_modules/@opentelemetry/semantic-conventions": {
      "version": "1.43.0",
      "resolved": "https://registry.npmjs.org/@opentelemetry/semantic-conventions/-/semantic-conventions-1.43.0.tgz",
      "integrity": "sha512-eSYWTm620tTk45EKSedaUL8MFYI8hW164hIXsgIHyxu3VobUB3fFCu5t0hQby6OoWRPsG1KkKUG2M5UadiLiVg==",
      "license": "Apache-2.0",
      "engines": {
        "node": ">=14"
      }
    },
    "node_modules/@posthog/core": {
      "version": "1.41.1",
      "resolved": "https://registry.npmjs.org/@posthog/core/-/core-1.41.1.tgz",
      "integrity": "sha512-lKjPdeawDSvRhHnP14RwTSI5CofuyluhG3ISHRa+Kj6PyfSrEUyIkoVOpYWicFGgWikeaJCZzFQpo7ngHt9BcA==",
      "license": "MIT",
      "dependencies": {
        "@posthog/types": "^1.394.0"
      }
    },
    "node_modules/@posthog/types": {
      "version": "1.394.0",
      "resolved": "https://registry.npmjs.org/@posthog/types/-/types-1.394.0.tgz",
      "integrity": "sha512-ifQ7p8o8hoHErlJmpzCFzHQcuRam0vXk8LBVhBu4BlPYP6S0tog4FSAFItnI/nwN6cHZI0WFQilr7sIqQa7Flg==",
      "license": "MIT"
    },
    "node_modules/@sentry/conventions": {
      "version": "0.15.1",
      "resolved": "https://registry.npmjs.org/@sentry/conventions/-/conventions-0.15.1.tgz",
      "integrity": "sha512-ZLP8bRdMON3prWE2tJyImuYscCxdcJeIPIhrOs/rgyFm3C1nCh1B6gdvPj3AZ5zW08oSFFCsq7T+tYEW3h8MNA==",
      "license": "MIT",
      "engines": {
        "node": ">=14"
      }
    },
    "node_modules/@sentry/core": {
      "version": "10.65.0",
      "resolved": "https://registry.npmjs.org/@sentry/core/-/core-10.65.0.tgz",
      "integrity": "sha512-3aqtmM5NgNGo45BNaaBzi0LPQZAw//NEL4HKS5fXm12pJMa4KEkze8DEKnkTEIrGnWaOJKamecHKlnNg/Mqf/Q==",
      "license": "MIT",
      "dependencies": {
        "@sentry/conventions": "^0.15.1"
      },
      "engines": {
        "node": ">=18"
      }
    },
    "node_modules/@sentry/node": {
      "version": "10.65.0",
      "resolved": "https://registry.npmjs.org/@sentry/node/-/node-10.65.0.tgz",
      "integrity": "sha512-t35dcdyksysVch/m/XdLgGJqGKJhr9eMD30Ctn3TeQ8yMB0wNXySfjPR5Yg93fpjmfaHtzc6iYIXRAvgNVfrvA==",
      "license": "MIT",
      "dependencies": {
        "@opentelemetry/api": "^1.9.1",
        "@opentelemetry/instrumentation": "^0.220.0",
        "@opentelemetry/sdk-trace-base": "^2.9.0",
        "@sentry/conventions": "^0.15.1",
        "@sentry/core": "10.65.0",
        "@sentry/node-core": "10.65.0",
        "@sentry/opentelemetry": "10.65.0",
        "@sentry/server-utils": "10.65.0",
        "import-in-the-middle": "^3.0.0"
      },
      "engines": {
        "node": ">=18"
      }
    },
    "node_modules/@sentry/node-core": {
      "version": "10.65.0",
      "resolved": "https://registry.npmjs.org/@sentry/node-core/-/node-core-10.65.0.tgz",
      "integrity": "sha512-U01X9mPT+jZnsLPmPWfBU67Ka+t/Sdd9RGAuvGoKdrI6N47a/9PDkM9oCW+kj0fmZwogZHTgSnzJU5oi3pImgA==",
      "license": "MIT",
      "dependencies": {
        "@sentry/conventions": "^0.15.1",
        "@sentry/core": "10.65.0",
        "@sentry/opentelemetry": "10.65.0",
        "import-in-the-middle": "^3.0.0"
      },
      "engines": {
        "node": ">=18"
      },
      "peerDependencies": {
        "@opentelemetry/api": "^1.9.0",
        "@opentelemetry/core": "^1.30.1 || ^2.1.0",
        "@opentelemetry/exporter-trace-otlp-http": ">=0.57.0 <1",
        "@opentelemetry/instrumentation": ">=0.57.1 <1",
        "@opentelemetry/sdk-trace-base": "^1.30.1 || ^2.1.0"
      },
      "peerDependenciesMeta": {
        "@opentelemetry/api": {
          "optional": true
        },
        "@opentelemetry/core": {
          "optional": true
        },
        "@opentelemetry/exporter-trace-otlp-http": {
          "optional": true
        },
        "@opentelemetry/instrumentation": {
          "optional": true
        },
        "@opentelemetry/sdk-trace-base": {
          "optional": true
        }
      }
    },
    "node_modules/@sentry/opentelemetry": {
      "version": "10.65.0",
      "resolved": "https://registry.npmjs.org/@sentry/opentelemetry/-/opentelemetry-10.65.0.tgz",
      "integrity": "sha512-8C6FPvm3XBvUrkM52dX3Gz0p2H0Ij8t4sahUA+GTiCz0WM0fnyPeQPGC/b6I4jamV9UXyCZRnE1UEEGCoD+c7A==",
      "license": "MIT",
      "dependencies": {
        "@sentry/conventions": "^0.15.1",
        "@sentry/core": "10.65.0"
      },
      "engines": {
        "node": ">=18"
      },
      "peerDependencies": {
        "@opentelemetry/api": "^1.9.0",
        "@opentelemetry/core": "^1.30.1 || ^2.1.0",
        "@opentelemetry/sdk-trace-base": "^1.30.1 || ^2.1.0"
      }
    },
    "node_modules/@sentry/server-utils": {
      "version": "10.65.0",
      "resolved": "https://registry.npmjs.org/@sentry/server-utils/-/server-utils-10.65.0.tgz",
      "integrity": "sha512-80toEFD6s+0Le7jrYB6pHWLF703WSg0WyavAWqrBGWG8JkREHgedAxzFYgoY5GlMI756qk6Ea7UzhJTHd2zAXA==",
      "license": "MIT",
      "dependencies": {
        "@apm-js-collab/code-transformer": "^0.15.0",
        "@apm-js-collab/code-transformer-bundler-plugins": "^0.5.0",
        "@apm-js-collab/tracing-hooks": "^0.10.1",
        "@sentry/conventions": "^0.15.1",
        "@sentry/core": "10.65.0",
        "magic-string": "~0.30.0"
      },
      "engines": {
        "node": ">=18"
      }
    },
    "node_modules/@smithy/core": {
      "version": "3.29.3",
      "resolved": "https://registry.npmjs.org/@smithy/core/-/core-3.29.3.tgz",
      "integrity": "sha512-L+Ys6ecjk5vwPMAKHBpPKlJ3DkqwNcnfEISXBZIsVvWG/XKXfsAP8mwIYlTeLcd2ElHdesPI8OuOmJSFAPhm6A==",
      "license": "Apache-2.0",
      "dependencies": {
        "@smithy/types": "^4.16.1",
        "tslib": "^2.6.2"
      },
      "engines": {
        "node": ">=18.0.0"
      }
    },
    "node_modules/@smithy/credential-provider-imds": {
      "version": "4.4.8",
      "resolved": "https://registry.npmjs.org/@smithy/credential-provider-imds/-/credential-provider-imds-4.4.8.tgz",
      "integrity": "sha512-q9J7JTiXrAhB8sDp4px97uEPT7CwKH61Co78grdNQvU8QZAdiuaSRhP0tUVf2ogy36RZTrlMU1rBmDEH+cnkiA==",
      "license": "Apache-2.0",
      "dependencies": {
        "@smithy/core": "^3.29.3",
        "@smithy/types": "^4.16.1",
        "tslib": "^2.6.2"
      },
      "engines": {
        "node": ">=18.0.0"
      }
    },
    "node_modules/@smithy/fetch-http-handler": {
      "version": "5.6.4",
      "resolved": "https://registry.npmjs.org/@smithy/fetch-http-handler/-/fetch-http-handler-5.6.4.tgz",
      "integrity": "sha512-psnst7NZWdAEvJvyW8YZEE7xNVMyLrQFfHtyrVFrxNyy+dKWkQ+rqC6oI5ZhxThpUy9RSfEshgm34zqbOxzsRw==",
      "license": "Apache-2.0",
      "dependencies": {
        "@smithy/core": "^3.29.2",
        "@smithy/types": "^4.16.0",
        "tslib": "^2.6.2"
      },
      "engines": {
        "node": ">=18.0.0"
      }
    },
    "node_modules/@smithy/middleware-compression": {
      "version": "4.5.7",
      "resolved": "https://registry.npmjs.org/@smithy/middleware-compression/-/middleware-compression-4.5.7.tgz",
      "integrity": "sha512-+6KtzRfzBNLQHQXmTBnUJyUAaq8cYp5GPGJSab3ahsVEgdnC/p/TO3BAyvXw9I5F+hDnwjUAV1EGQCD4NcQOiw==",
      "license": "Apache-2.0",
      "dependencies": {
        "@smithy/core": "^3.29.2",
        "@smithy/types": "^4.16.0",
        "fflate": "0.8.1",
        "tslib": "^2.6.2"
      },
      "engines": {
        "node": ">=18.0.0"
      }
    },
    "node_modules/@smithy/node-http-handler": {
      "version": "4.9.4",
      "resolved": "https://registry.npmjs.org/@smithy/node-http-handler/-/node-http-handler-4.9.4.tgz",
      "integrity": "sha512-BNTop/fSOptmoVk8g+efwHCofFh37g70OWGAFES1TeAAJja1K5aAI8rTE26ETSc5k8IQuWY2kAIoPla01NgYrA==",
      "license": "Apache-2.0",
      "dependencies": {
        "@smithy/core": "^3.29.2",
        "@smithy/types": "^4.16.0",
        "tslib": "^2.6.2"
      },
      "engines": {
        "node": ">=18.0.0"
      }
    },
    "node_modules/@smithy/signature-v4": {
      "version": "5.6.3",
      "resolved": "https://registry.npmjs.org/@smithy/signature-v4/-/signature-v4-5.6.3.tgz",
      "integrity": "sha512-8qVKKzqh7naF27ePmx0SkUfnGP/wBI9dyaeAmhHvopnbIlItUAmB/e6PkPCU3rRb2v9BY8D4EZXSoydSibatvw==",
      "license": "Apache-2.0",
      "dependencies": {
        "@smithy/core": "^3.29.2",
        "@smithy/types": "^4.16.0",
        "tslib": "^2.6.2"
      },
      "engines": {
        "node": ">=18.0.0"
      }
    },
    "node_modules/@smithy/types": {
      "version": "4.16.1",
      "resolved": "https://registry.npmjs.org/@smithy/types/-/types-4.16.1.tgz",
      "integrity": "sha512-0JFs3V2y2M9tKW5na/qxe69Zv+uxLMO7QBbhxF/FHu/Gp2NFZAAL9tWl9PU02xxo07pb3G9FTyjNc6D5uZrJIg==",
      "license": "Apache-2.0",
      "dependencies": {
        "tslib": "^2.6.2"
      },
      "engines": {
        "node": ">=18.0.0"
      }
    },
    "node_modules/@types/estree": {
      "version": "1.0.9",
      "resolved": "https://registry.npmjs.org/@types/estree/-/estree-1.0.9.tgz",
      "integrity": "sha512-GhdPgy1el4/ImP05X05Uw4cw2/M93BCUmnEvWZNStlCzEKME4Fkk+YpoA5OiHNQmoS7Cafb8Xa3Pya8m1Qrzeg==",
      "license": "MIT"
    },
    "node_modules/astring": {
      "version": "1.9.0",
      "resolved": "https://registry.npmjs.org/astring/-/astring-1.9.0.tgz",
      "integrity": "sha512-LElXdjswlqjWrPpJFg1Fx4wpkOCxj1TDHlSV4PlaRxHGWko024xICaa97ZkMfs6DRKlCguiAI+rbXv5GWwXIkg==",
      "license": "MIT",
      "bin": {
        "astring": "bin/astring"
      }
    },
    "node_modules/bowser": {
      "version": "2.14.1",
      "resolved": "https://registry.npmjs.org/bowser/-/bowser-2.14.1.tgz",
      "integrity": "sha512-tzPjzCxygAKWFOJP011oxFHs57HzIhOEracIgAePE4pqB3LikALKnSzUyU4MGs9/iCEUuHlAJTjTc5M+u7YEGg==",
      "license": "MIT"
    },
    "node_modules/cjs-module-lexer": {
      "version": "2.2.0",
      "resolved": "https://registry.npmjs.org/cjs-module-lexer/-/cjs-module-lexer-2.2.0.tgz",
      "integrity": "sha512-4bHTS2YuzUvtoLjdy+98ykbNB5jS0+07EvFNXerqZQJ89F7DI6ET7OQo/HJuW6K0aVsKA9hj9/RVb2kQVOrPDQ==",
      "license": "MIT"
    },
    "node_modules/debug": {
      "version": "4.4.3",
      "resolved": "https://registry.npmjs.org/debug/-/debug-4.4.3.tgz",
      "integrity": "sha512-RGwwWnwQvkVfavKVt22FGLw+xYSdzARwm0ru6DhTVA3umU5hZc28V3kO4stgYryrTlLpuvgI9GiijltAjNbcqA==",
      "license": "MIT",
      "dependencies": {
        "ms": "^2.1.3"
      },
      "engines": {
        "node": ">=6.0"
      },
      "peerDependenciesMeta": {
        "supports-color": {
          "optional": true
        }
      }
    },
    "node_modules/es-module-lexer": {
      "version": "2.3.1",
      "resolved": "https://registry.npmjs.org/es-module-lexer/-/es-module-lexer-2.3.1.tgz",
      "integrity": "sha512-shc1dbU90Yl/xq1QrC7QRtfcwURZuVRfPhZbDoldJ1cn1gzDvBaBWlv0eFolj5+0znnPJz5TXLxsN77X/12KTA==",
      "license": "MIT"
    },
    "node_modules/esquery": {
      "version": "1.7.0",
      "resolved": "https://registry.npmjs.org/esquery/-/esquery-1.7.0.tgz",
      "integrity": "sha512-Ap6G0WQwcU/LHsvLwON1fAQX9Zp0A2Y6Y/cJBl9r/JbW90Zyg4/zbG6zzKa2OTALELarYHmKu0GhpM5EO+7T0g==",
      "license": "BSD-3-Clause",
      "dependencies": {
        "estraverse": "^5.1.0"
      },
      "engines": {
        "node": ">=0.10"
      }
    },
    "node_modules/estraverse": {
      "version": "5.3.0",
      "resolved": "https://registry.npmjs.org/estraverse/-/estraverse-5.3.0.tgz",
      "integrity": "sha512-MMdARuVEQziNTeJD8DgMqmhwR11BRQ/cBP+pLtYdSTnf3MIO8fFeiINEbX36ZdNlfU/7A9f3gUw49B3oQsvwBA==",
      "license": "BSD-2-Clause",
      "engines": {
        "node": ">=4.0"
      }
    },
    "node_modules/fflate": {
      "version": "0.8.1",
      "resolved": "https://registry.npmjs.org/fflate/-/fflate-0.8.1.tgz",
      "integrity": "sha512-/exOvEuc+/iaUm105QIiOt4LpBdMTWsXxqR0HDF35vx3fmaKzw7354gTilCh5rkzEt8WYyG//ku3h3nRmd7CHQ==",
      "license": "MIT"
    },
    "node_modules/import-in-the-middle": {
      "version": "3.3.1",
      "resolved": "https://registry.npmjs.org/import-in-the-middle/-/import-in-the-middle-3.3.1.tgz",
      "integrity": "sha512-0rymlHSFLwZ0ixx8DaQkoIyZojJPY2a0K2nEYslhKJ6jIYO/m0IcCb7iQsFPmS7WmKwISZiIrv5Icstrw/CmqA==",
      "license": "Apache-2.0",
      "dependencies": {
        "cjs-module-lexer": "^2.2.0",
        "es-module-lexer": "^2.2.0",
        "module-details-from-path": "^1.0.4"
      },
      "engines": {
        "node": ">=18"
      }
    },
    "node_modules/lambda-shared": {
      "resolved": "../shared",
      "link": true
    },
    "node_modules/magic-string": {
      "version": "0.30.21",
      "resolved": "https://registry.npmjs.org/magic-string/-/magic-string-0.30.21.tgz",
      "integrity": "sha512-vd2F4YUyEXKGcLHoq+TEyCjxueSeHnFxyyjNp80yg0XV4vUhnDer/lvvlqM/arB5bXQN5K2/3oinyCRyx8T2CQ==",
      "license": "MIT",
      "dependencies": {
        "@jridgewell/sourcemap-codec": "^1.5.5"
      }
    },
    "node_modules/meriyah": {
      "version": "6.1.4",
      "resolved": "https://registry.npmjs.org/meriyah/-/meriyah-6.1.4.tgz",
      "integrity": "sha512-Sz8FzjzI0kN13GK/6MVEsVzMZEPvOhnmmI1lU5+/1cGOiK3QUahntrNNtdVeihrO7t9JpoH75iMNXg6R6uWflQ==",
      "license": "ISC",
      "engines": {
        "node": ">=18.0.0"
      }
    },
    "node_modules/mnemonist": {
      "version": "0.38.3",
      "resolved": "https://registry.npmjs.org/mnemonist/-/mnemonist-0.38.3.tgz",
      "integrity": "sha512-2K9QYubXx/NAjv4VLq1d1Ly8pWNC5L3BrixtdkyTegXWJIqY+zLNDhhX/A+ZwWt70tB1S8H4BE8FLYEFyNoOBw==",
      "license": "MIT",
      "dependencies": {
        "obliterator": "^1.6.1"
      }
    },
    "node_modules/module-details-from-path": {
      "version": "1.0.4",
      "resolved": "https://registry.npmjs.org/module-details-from-path/-/module-details-from-path-1.0.4.tgz",
      "integrity": "sha512-EGWKgxALGMgzvxYF1UyGTy0HXX/2vHLkw6+NvDKW2jypWbHpjQuj4UMcqQWXHERJhVGKikolT06G3bcKe4fi7w==",
      "license": "MIT"
    },
    "node_modules/ms": {
      "version": "2.1.3",
      "resolved": "https://registry.npmjs.org/ms/-/ms-2.1.3.tgz",
      "integrity": "sha512-6FlzubTLZG3J2a/NVCAleEhjzq5oxgHyaCU9yYXvcLsvoVaHJq/s5xXI6/XXP6tz7R9xAOtHnSO/tXtF3WRTlA==",
      "license": "MIT"
    },
    "node_modules/obliterator": {
      "version": "1.6.1",
      "resolved": "https://registry.npmjs.org/obliterator/-/obliterator-1.6.1.tgz",
      "integrity": "sha512-9WXswnqINnnhOG/5SLimUlzuU1hFJUc8zkwyD59Sd+dPOMf05PmnYG/d6Q7HZ+KmgkZJa1PxRso6QdM3sTNHig==",
      "license": "MIT"
    },
    "node_modules/posthog-node": {
      "version": "5.42.0",
      "resolved": "https://registry.npmjs.org/posthog-node/-/posthog-node-5.42.0.tgz",
      "integrity": "sha512-0lMYZQbRQOexGl7U1Ol+ntWogUnjLbkQeKZmFTwtn0Cgxhnk1DGdHYHVcsUvRcWlWjnAOZZ4SMPMq7aHOHWflQ==",
      "license": "MIT",
      "dependencies": {
        "@posthog/core": "^1.41.0"
      },
      "engines": {
        "node": "^20.20.0 || >=22.22.0"
      },
      "peerDependencies": {
        "rxjs": "^7.0.0"
      },
      "peerDependenciesMeta": {
        "rxjs": {
          "optional": true
        }
      }
    },
    "node_modules/require-in-the-middle": {
      "version": "8.0.1",
      "resolved": "https://registry.npmjs.org/require-in-the-middle/-/require-in-the-middle-8.0.1.tgz",
      "integrity": "sha512-QT7FVMXfWOYFbeRBF6nu+I6tr2Tf3u0q8RIEjNob/heKY/nh7drD/k7eeMFmSQgnTtCzLDcCu/XEnpW2wk4xCQ==",
      "license": "MIT",
      "dependencies": {
        "debug": "^4.3.5",
        "module-details-from-path": "^1.0.3"
      },
      "engines": {
        "node": ">=9.3.0 || >=8.10.0 <9.0.0"
      }
    },
    "node_modules/semifies": {
      "version": "1.0.0",
      "resolved": "https://registry.npmjs.org/semifies/-/semifies-1.0.0.tgz",
      "integrity": "sha512-xXR3KGeoxTNWPD4aBvL5NUpMTT7WMANr3EWnaS190QVkY52lqqcVRD7Q05UVbBhiWDGWMlJEUam9m7uFFGVScw==",
      "license": "Apache-2.0"
    },
    "node_modules/source-map": {
      "version": "0.6.1",
      "resolved": "https://registry.npmjs.org/source-map/-/source-map-0.6.1.tgz",
      "integrity": "sha512-UjgapumWlbMhkBgzT7Ykc5YXUT46F0iKu8SGXq0bcwP5dz/h0Plj6enJqjz1Zbq2l5WaqYnrVbwWOWMyF3F47g==",
      "license": "BSD-3-Clause",
      "engines": {
        "node": ">=0.10.0"
      }
    },
    "node_modules/tslib": {
      "version": "2.8.1",
      "resolved": "https://registry.npmjs.org/tslib/-/tslib-2.8.1.tgz",
      "integrity": "sha512-oJFu94HQb+KVduSUQL7wnpmqnfmLsOA/nAh6b6EH0wCEoK0/mPeXU6c3wKDV83MkOuHPRHtSXKKU99IBazS/2w==",
      "license": "0BSD"
    }
  }
}
