{
  "name": "thechrisgrey-kb-sync",
  "version": "1.0.0",
  "lockfileVersion": 3,
  "requires": true,
  "packages": {
    "": {
      "name": "thechrisgrey-kb-sync",
      "version": "1.0.0",
      "dependencies": {
        "@aws-sdk/client-bedrock-agent": "^3.1087.0",
        "@aws-sdk/client-cloudwatch": "^3.1068.0",
        "@sentry/node": "^10.0.0",
        "lambda-shared": "file:../shared",
        "posthog-node": "^5.39.4"
      }
    },
    "../shared": {
      "name": "lambda-shared",
      "version": "1.0.0",
      "dependencies": {
        "@aws-sdk/client-cloudwatch": "^3.1068.0",
        "@sentry/node": "^10.0.0",
        "posthog-node": "^5.39.4"
      }
    },
    "node_modules/@apm-js-collab/code-transformer": {
      "version": "0.15.0",
      "resolved": "https://registry.npmjs.org/@apm-js-collab/code-transformer/-/code-transformer-0.15.0.tgz",
      "integrity": "sha512-XmXYVs8CzJ1Aj79noVbn2weUO/XWtRyURpGqx7aU7DOXlUQhR0WKOQNF0okh7PCeY37vxf7kU3v57OAkEPm3ww==",
      "license": "Apache-2.0",
      "dependencies": {
        "@types/estree": "^1.0.8",
        "astring": "^1.9.0",
        "esquery": "^1.7.0",
        "meriyah": "^6.1.4",
        "semifies": "^1.0.0",
        "source-map": "^0.6.0"
      },
      "bin": {
        "code-transformer": "cli.js"
      }
    },
    "node_modules/@apm-js-collab/code-transformer-bundler-plugins": {
      "version": "0.5.0",
      "resolved": "https://registry.npmjs.org/@apm-js-collab/code-transformer-bundler-plugins/-/code-transformer-bundler-plugins-0.5.0.tgz",
      "integrity": "sha512-YxLBY5nGlurL7QeJLq6e5g0ouBpAp0pwgyA/5rHXEXwhiPLn9ZHbT+Y2LlP90GT872cSocfjWRYu/fnpuBudNQ==",
      "license": "MIT",
      "dependencies": {
        "@apm-js-collab/code-transformer": "^0.15.0",
        "es-module-lexer": "^2.1.0",
        "magic-string": "^0.30.21",
        "module-details-from-path": "^1.0.4"
      },
      "engines": {
        "node": ">=18.0.0"
      }
    },
    "node_modules/@apm-js-collab/tracing-hooks": {
      "version": "0.10.1",
      "resolved": "https://registry.npmjs.org/@apm-js-collab/tracing-hooks/-/tracing-hooks-0.10.1.tgz",
      "integrity": "sha512-w2OWXR7FWrKqSziuE9+QclaZrStxO/8+OwbXM635s/zs0Eez1Qo3ivSPdB2WsaPY/iznKTytONPx/PitD7IXcA==",
      "license": "Apache-2.0",
      "dependencies": {
        "@apm-js-collab/code-transformer": "^0.15.0",
        "debug": "^4.4.1",
        "module-details-from-path": "^1.0.4"
      }
    },
    "node_modules/@aws-crypto/sha256-browser": {
      "version": "5.2.0",
      "resolved": "https://registry.npmjs.org/@aws-crypto/sha256-browser/-/sha256-browser-5.2.0.tgz",
      "integrity": "sha512-AXfN/lGotSQwu6HNcEsIASo7kWXZ5HYWvfOmSNKDsEqC4OashTp8alTmaz+F7TC2L083SFv5RdB+qU3Vs1kZqw==",
      "license": "Apache-2.0",
      "dependencies": {
        "@aws-crypto/sha256-js": "^5.2.0",
        "@aws-crypto/supports-web-crypto": "^5.2.0",
        "@aws-crypto/util": "^5.2.0",
        "@aws-sdk/types": "^3.222.0",
        "@aws-sdk/util-locate-window": "^3.0.0",
        "@smithy/util-utf8": "^2.0.0",
        "tslib": "^2.6.2"
      }
    },
    "node_modules/@aws-crypto/sha256-browser/node_modules/@smithy/is-array-buffer": {
      "version": "2.2.0",
      "resolved": "https://registry.npmjs.org/@smithy/is-array-buffer/-/is-array-buffer-2.2.0.tgz",
      "integrity": "sha512-GGP3O9QFD24uGeAXYUjwSTXARoqpZykHadOmA8G5vfJPK0/DC67qa//0qvqrJzL1xc8WQWX7/yc7fwudjPHPhA==",
      "license": "Apache-2.0",
      "dependencies": {
        "tslib": "^2.6.2"
      },
      "engines": {
        "node": ">=14.0.0"
      }
    },
    "node_modules/@aws-crypto/sha256-browser/node_modules/@smithy/util-buffer-from": {
      "version": "2.2.0",
      "resolved": "https://registry.npmjs.org/@smithy/util-buffer-from/-/util-buffer-from-2.2.0.tgz",
      "integrity": "sha512-IJdWBbTcMQ6DA0gdNhh/BwrLkDR+ADW5Kr1aZmd4k3DIF6ezMV4R2NIAmT08wQJ3yUK82thHWmC/TnK/wpMMIA==",
      "license": "Apache-2.0",
      "dependencies": {
        "@smithy/is-array-buffer": "^2.2.0",
        "tslib": "^2.6.2"
      },
      "engines": {
        "node": ">=14.0.0"
      }
    },
    "node_modules/@aws-crypto/sha256-browser/node_modules/@smithy/util-utf8": {
      "version": "2.3.0",
      "resolved": "https://registry.npmjs.org/@smithy/util-utf8/-/util-utf8-2.3.0.tgz",
      "integrity": "sha512-R8Rdn8Hy72KKcebgLiv8jQcQkXoLMOGGv5uI1/k0l+snqkOzQ1R0ChUBCxWMlBsFMekWjq0wRudIweFs7sKT5A==",
      "license": "Apache-2.0",
      "dependencies": {
        "@smithy/util-buffer-from": "^2.2.0",
        "tslib": "^2.6.2"
      },
      "engines": {
        "node": ">=14.0.0"
      }
    },
    "node_modules/@aws-crypto/sha256-js": {
      "version": "5.2.0",
      "resolved": "https://registry.npmjs.org/@aws-crypto/sha256-js/-/sha256-js-5.2.0.tgz",
      "integrity": "sha512-FFQQyu7edu4ufvIZ+OadFpHHOt+eSTBaYaki44c+akjg7qZg9oOQeLlk77F6tSYqjDAFClrHJk9tMf0HdVyOvA==",
      "license": "Apache-2.0",
      "dependencies": {
        "@aws-crypto/util": "^5.2.0",
        "@aws-sdk/types": "^3.222.0",
        "tslib": "^2.6.2"
      },
      "engines": {
        "node": ">=16.0.0"
      }
    },
    "node_modules/@aws-crypto/supports-web-crypto": {
      "version": "5.2.0",
      "resolved": "https://registry.npmjs.org/@aws-crypto/supports-web-crypto/-/supports-web-crypto-5.2.0.tgz",
      "integrity": "sha512-iAvUotm021kM33eCdNfwIN//F77/IADDSs58i+MDaOqFrVjZo9bAal0NK7HurRuWLLpF1iLX7gbWrjHjeo+YFg==",
      "license": "Apache-2.0",
      "dependencies": {
        "tslib": "^2.6.2"
      }
    },
    "node_modules/@aws-crypto/util": {
      "version": "5.2.0",
      "resolved": "https://registry.npmjs.org/@aws-crypto/util/-/util-5.2.0.tgz",
      "integrity": "sha512-4RkU9EsI6ZpBve5fseQlGNUWKMa1RLPQ1dnjnQoe07ldfIzcsGb5hC5W0Dm7u423KWzawlrpbjXBrXCEv9zazQ==",
      "license": "Apache-2.0",
      "dependencies": {
        "@aws-sdk/types": "^3.222.0",
        "@smithy/util-utf8": "^2.0.0",
        "tslib": "^2.6.2"
      }
    },
    "node_modules/@aws-crypto/util/node_modules/@smithy/is-array-buffer": {
      "version": "2.2.0",
      "resolved": "https://registry.npmjs.org/@smithy/is-array-buffer/-/is-array-buffer-2.2.0.tgz",
      "integrity": "sha512-GGP3O9QFD24uGeAXYUjwSTXARoqpZykHadOmA8G5vfJPK0/DC67qa//0qvqrJzL1xc8WQWX7/yc7fwudjPHPhA==",
      "license": "Apache-2.0",
      "dependencies": {
        "tslib": "^2.6.2"
      },
      "engines": {
        "node": ">=14.0.0"
      }
    },
    "node_modules/@aws-crypto/util/node_modules/@smithy/util-buffer-from": {
      "version": "2.2.0",
      "resolved": "https://registry.npmjs.org/@smithy/util-buffer-from/-/util-buffer-from-2.2.0.tgz",
      "integrity": "sha512-IJdWBbTcMQ6DA0gdNhh/BwrLkDR+ADW5Kr1aZmd4k3DIF6ezMV4R2NIAmT08wQJ3yUK82thHWmC/TnK/wpMMIA==",
      "license": "Apache-2.0",
      "dependencies": {
        "@smithy/is-array-buffer": "^2.2.0",
        "tslib": "^2.6.2"
      },
      "engines": {
        "node": ">=14.0.0"
      }
    },
    "node_modules/@aws-crypto/util/node_modules/@smithy/util-utf8": {
      "version": "2.3.0",
      "resolved": "https://registry.npmjs.org/@smithy/util-utf8/-/util-utf8-2.3.0.tgz",
      "integrity": "sha512-R8Rdn8Hy72KKcebgLiv8jQcQkXoLMOGGv5uI1/k0l+snqkOzQ1R0ChUBCxWMlBsFMekWjq0wRudIweFs7sKT5A==",
      "license": "Apache-2.0",
      "dependencies": {
        "@smithy/util-buffer-from": "^2.2.0",
        "tslib": "^2.6.2"
      },
      "engines": {
        "node": ">=14.0.0"
      }
    },
    "node_modules/@aws-sdk/client-bedrock-agent": {
      "version": "3.1087.0",
      "resolved": "https://registry.npmjs.org/@aws-sdk/client-bedrock-agent/-/client-bedrock-agent-3.1087.0.tgz",
      "integrity": "sha512-CDMTufNTQTYG9CbICTshHVa9rJ0wfBERqu7iNB4+vvx6hcOBLba/jgx2Yr5KicZIuF5p2zl9kAN3dKrLSQwrBA==",
      "license": "Apache-2.0",
      "dependencies": {
        "@aws-sdk/core": "^3.975.2",
        "@aws-sdk/credential-provider-node": "^3.972.68",
        "@aws-sdk/types": "^3.974.1",
        "@smithy/core": "^3.29.3",
        "@smithy/fetch-http-handler": "^5.6.5",
        "@smithy/node-http-handler": "^4.9.5",
        "@smithy/types": "^4.16.1",
        "tslib": "^2.6.2"
      },
      "engines": {
        "node": ">=20.0.0"
      }
    },
    "node_modules/@aws-sdk/client-cloudwatch": {
      "version": "3.1068.0",
      "resolved": "https://registry.npmjs.org/@aws-sdk/client-cloudwatch/-/client-cloudwatch-3.1068.0.tgz",
      "integrity": "sha512-aa3reGxP/APKyYeEqpHdYRt5R/XRbJaxGRwqri6OIXdtvqCPfBtEn7KvVUSaTVFWS/xOwr/06lJgUCuQZV01HQ==",
      "license": "Apache-2.0",
      "dependencies": {
        "@aws-crypto/sha256-browser": "5.2.0",
        "@aws-crypto/sha256-js": "5.2.0",
        "@aws-sdk/core": "^3.974.20",
        "@aws-sdk/credential-provider-node": "^3.972.55",
        "@aws-sdk/types": "^3.973.12",
        "@smithy/core": "^3.24.6",
        "@smithy/fetch-http-handler": "^5.4.6",
        "@smithy/middleware-compression": "^4.4.6",
        "@smithy/node-http-handler": "^4.7.6",
        "@smithy/types": "^4.14.3",
        "tslib": "^2.6.2"
      },
      "engines": {
        "node": ">=20.0.0"
      }
    },
    "node_modules/@aws-sdk/core": {
      "version": "3.975.2",
      "resolved": "https://registry.npmjs.org/@aws-sdk/core/-/core-3.975.2.tgz",
      "integrity": "sha512-iyeXwziyjJpixq5OmhsIyrSWx8vwcI7gDo4yRUC3EP7NQtOo9iAJiIEc3G+/HkhtNXqOhofiCK7Lc34Sq+fJWg==",
      "license": "Apache-2.0",
      "dependencies": {
        "@aws-sdk/types": "^3.974.1",
        "@aws-sdk/xml-builder": "^3.972.35",
        "@aws/lambda-invoke-store": "^0.3.0",
        "@smithy/core": "^3.29.3",
        "@smithy/signature-v4": "^5.6.3",
        "@smithy/types": "^4.16.1",
        "bowser": "^2.11.0",
        "tslib": "^2.6.2"
      },
      "engines": {
        "node": ">=20.0.0"
      }
    },
    "node_modules/@aws-sdk/credential-provider-env": {
      "version": "3.972.58",
      "resolved": "https://registry.npmjs.org/@aws-sdk/credential-provider-env/-/credential-provider-env-3.972.58.tgz",
      "integrity": "sha512-vyGtvK1rY940eq7JT0yIGKuZ+2kpPSJcHibSvGlit5oiMFDamzC7cxBGLl4FLnd6suihMXDI2FSF2dL6TmBqPA==",
      "license": "Apache-2.0",
      "dependencies": {
        "@aws-sdk/core": "^3.975.2",
        "@aws-sdk/types": "^3.974.1",
        "@smithy/core": "^3.29.3",
        "@smithy/types": "^4.16.1",
        "tslib": "^2.6.2"
      },
      "engines": {
        "node": ">=20.0.0"
      }
    },
    "node_modules/@aws-sdk/credential-provider-http": {
      "version": "3.972.60",
      "resolved": "https://registry.npmjs.org/@aws-sdk/credential-provider-http/-/credential-provider-http-3.972.60.tgz",
      "integrity": "sha512-g9b9YzDrD5pcKiPBJfCSXRfFMrA39eR0guUhZ5SRm+7vMAVc43+effxbcamxBjSd5bUhrdKo5te/yQuWurLXLA==",
      "license": "Apache-2.0",
      "dependencies": {
        "@aws-sdk/core": "^3.975.2",
        "@aws-sdk/types": "^3.974.1",
        "@smithy/core": "^3.29.3",
        "@smithy/fetch-http-handler": "^5.6.5",
        "@smithy/node-http-handler": "^4.9.5",
        "@smithy/types": "^4.16.1",
        "tslib": "^2.6.2"
      },
      "engines": {
        "node": ">=20.0.0"
      }
    },
    "node_modules/@aws-sdk/credential-provider-ini": {
      "version": "3.973.2",
      "resolved": "https://registry.npmjs.org/@aws-sdk/credential-provider-ini/-/credential-provider-ini-3.973.2.tgz",
      "integrity": "sha512-Yr7yxNyQ8aHt9Ww0RPFUZx+xiem+vl7vuwhP0tniTijoesJNV5jou9HCgVpI0GEPAF+89TkOvilE5uRrZJnjaw==",
      "license": "Apache-2.0",
      "dependencies": {
        "@aws-sdk/core": "^3.975.2",
        "@aws-sdk/credential-provider-env": "^3.972.58",
        "@aws-sdk/credential-provider-http": "^3.972.60",
        "@aws-sdk/credential-provider-login": "^3.972.64",
        "@aws-sdk/credential-provider-process": "^3.972.58",
        "@aws-sdk/credential-provider-sso": "^3.973.2",
        "@aws-sdk/credential-provider-web-identity": "^3.972.64",
        "@aws-sdk/nested-clients": "^3.997.32",
        "@aws-sdk/types": "^3.974.1",
        "@smithy/core": "^3.29.3",
        "@smithy/credential-provider-imds": "^4.4.7",
        "@smithy/types": "^4.16.1",
        "tslib": "^2.6.2"
      },
      "engines": {
        "node": ">=20.0.0"
      }
    },
    "node_modules/@aws-sdk/credential-provider-login": {
      "version": "3.972.64",
      "resolved": "https://registry.npmjs.org/@aws-sdk/credential-provider-login/-/credential-provider-login-3.972.64.tgz",
      "integrity": "sha512-YQoSI4d6kXvoenoG/0Jv/PqaAuukHzGmGXGyHBQYeEUNsYovlNAn/Sw1wp/WQbhcQ3HsEMGgjEahvD3igz6ecQ==",
      "license": "Apache-2.0",
      "dependencies": {
        "@aws-sdk/core": "^3.975.2",
        "@aws-sdk/nested-clients": "^3.997.32",
        "@aws-sdk/types": "^3.974.1",
        "@smithy/core": "^3.29.3",
        "@smithy/types": "^4.16.1",
        "tslib": "^2.6.2"
      },
      "engines": {
        "node": ">=20.0.0"
      }
    },
    "node_modules/@aws-sdk/credential-provider-node": {
      "version": "3.972.68",
      "resolved": "https://registry.npmjs.org/@aws-sdk/credential-provider-node/-/credential-provider-node-3.972.68.tgz",
      "integrity": "sha512-4akjzW9CjorByYfqXBXmYUh/h7Io3U4DtVgGGh9TQraZ7ZlyJqNyHwDRGiUFnHD+BTOeTbCesCa4sJaK7BGZ7A==",
      "license": "Apache-2.0",
      "dependencies": {
        "@aws-sdk/credential-provider-env": "^3.972.58",
        "@aws-sdk/credential-provider-http": "^3.972.60",
        "@aws-sdk/credential-provider-ini": "^3.973.2",
        "@aws-sdk/credential-provider-process": "^3.972.58",
        "@aws-sdk/credential-provider-sso": "^3.973.2",
        "@aws-sdk/credential-provider-web-identity": "^3.972.64",
        "@aws-sdk/types": "^3.974.1",
        "@smithy/core": "^3.29.3",
        "@smithy/credential-provider-imds": "^4.4.7",
        "@smithy/types": "^4.16.1",
        "tslib": "^2.6.2"
      },
      "engines": {
        "node": ">=20.0.0"
      }
    },
    "node_modules/@aws-sdk/credential-provider-process": {
      "version": "3.972.58",
      "resolved": "https://registry.npmjs.org/@aws-sdk/credential-provider-process/-/credential-provider-process-3.972.58.tgz",
      "integrity": "sha512-1nYitRCaDmXWUrpBJt6WlcGjLx1JVsMY8rlYuHHsTYTSaYikbixYdQSyINN2VYq1F798uTO9qHAzytL25M8g3A==",
      "license": "Apache-2.0",
      "dependencies": {
        "@aws-sdk/core": "^3.975.2",
        "@aws-sdk/types": "^3.974.1",
        "@smithy/core": "^3.29.3",
        "@smithy/types": "^4.16.1",
        "tslib": "^2.6.2"
      },
      "engines": {
        "node": ">=20.0.0"
      }
    },
    "node_modules/@aws-sdk/credential-provider-sso": {
      "version": "3.973.2",
      "resolved": "https://registry.npmjs.org/@aws-sdk/credential-provider-sso/-/credential-provider-sso-3.973.2.tgz",
      "integrity": "sha512-pjMLaLU/JZi5lVfmR14V1OZqRBTuMHf6AwGNZA0K9hK+JKtO3jcLBarfD8iq5oc8cSowvc/9R32sqMVXZPo6xQ==",
      "license": "Apache-2.0",
      "dependencies": {
        "@aws-sdk/core": "^3.975.2",
        "@aws-sdk/nested-clients": "^3.997.32",
        "@aws-sdk/token-providers": "3.1087.0",
        "@aws-sdk/types": "^3.974.1",
        "@smithy/core": "^3.29.3",
        "@smithy/types": "^4.16.1",
        "tslib": "^2.6.2"
      },
      "engines": {
        "node": ">=20.0.0"
      }
    },
    "node_modules/@aws-sdk/credential-provider-web-identity": {
      "version": "3.972.64",
      "resolved": "https://registry.npmjs.org/@aws-sdk/credential-provider-web-identity/-/credential-provider-web-identity-3.972.64.tgz",
      "integrity": "sha512-7Buc7p0OvDHW7iBsu4b+YdS0WnaFBDGKDfbVQqaac9dkWiSiUtIoarBDsA1RmOVXZijaZJDoHJFIQiicQvWRlQ==",
      "license": "Apache-2.0",
      "dependencies": {
        "@aws-sdk/core": "^3.975.2",
        "@aws-sdk/nested-clients": "^3.997.32",
        "@aws-sdk/types": "^3.974.1",
        "@smithy/core": "^3.29.3",
        "@smithy/types": "^4.16.1",
        "tslib": "^2.6.2"
      },
      "engines": {
        "node": ">=20.0.0"
      }
    },
    "node_modules/@aws-sdk/nested-clients": {
      "version": "3.997.32",
      "resolved": "https://registry.npmjs.org/@aws-sdk/nested-clients/-/nested-clients-3.997.32.tgz",
      "integrity": "sha512-6Yj2fr9XF67cndITea48rchTdVr3VGx6PN47bIKNinJAjLkmaIlz/4EBPCgJ8UmhVopiXmeAuPLI3+DXDDbMhQ==",
      "license": "Apache-2.0",
      "dependencies": {
        "@aws-sdk/core": "^3.975.2",
        "@aws-sdk/signature-v4-multi-region": "^3.996.40",
        "@aws-sdk/types": "^3.974.1",
        "@smithy/core": "^3.29.3",
        "@smithy/fetch-http-handler": "^5.6.5",
        "@smithy/node-http-handler": "^4.9.5",
        "@smithy/types": "^4.16.1",
        "tslib": "^2.6.2"
      },
      "engines": {
        "node": ">=20.0.0"
      }
    },
    "node_modules/@aws-sdk/signature-v4-multi-region": {
      "version": "3.996.40",
      "resolved": "https://registry.npmjs.org/@aws-sdk/signature-v4-multi-region/-/signature-v4-multi-region-3.996.40.tgz",
      "integrity": "sha512-wrGZ/authosokclY1DXsiWT/1WjfCI22FuZGgdcilF+XLTXs5dCjAtiFYSPsEToZkbm3Lj2YP8PoWg0yoMNu0g==",
      "license": "Apache-2.0",
      "dependencies": {
        "@aws-sdk/types": "^3.974.1",
        "@smithy/signature-v4": "^5.6.3",
        "@smithy/types": "^4.16.1",
        "tslib": "^2.6.2"
      },
      "engines": {
        "node": ">=20.0.0"
      }
    },
    "node_modules/@aws-sdk/token-providers": {
      "version": "3.1087.0",
      "resolved": "https://registry.npmjs.org/@aws-sdk/token-providers/-/token-providers-3.1087.0.tgz",
      "integrity": "sha512-umM+qNq16f2fH+VLM5MqXW4ORNQAjk+TOSto73xbUHcKaU41L48j786r3UWQYlejeJk37NlvRYgxBT+MBkfaYQ==",
      "license": "Apache-2.0",
      "dependencies": {
        "@aws-sdk/core": "^3.975.2",
        "@aws-sdk/nested-clients": "^3.997.32",
        "@aws-sdk/types": "^3.974.1",
        "@smithy/core": "^3.29.3",
        "@smithy/types": "^4.16.1",
        "tslib": "^2.6.2"
      },
      "engines": {
        "node": ">=20.0.0"
      }
    },
    "node_modules/@aws-sdk/types": {
      "version": "3.974.1",
      "resolved": "https://registry.npmjs.org/@aws-sdk/types/-/types-3.974.1.tgz",
      "integrity": "sha512-W0IQZR0eaBqlBFIIofMapaWkw1W0U+Xi4dvW+BqwmCEMd8Ng2U6IhkxuPSjMVnR8klLjfuS9PeZWUl1N6UaZdg==",
      "license": "Apache-2.0",
      "dependencies": {
        "@smithy/types": "^4.16.1",
        "tslib": "^2.6.2"
      },
      "engines": {
        "node": ">=20.0.0"
      }
    },
    "node_modules/@aws-sdk/util-locate-window": {
      "version": "3.965.4",
      "resolved": "https://registry.npmjs.org/@aws-sdk/util-locate-window/-/util-locate-window-3.965.4.tgz",
      "integrity": "sha512-H1onv5SkgPBK2P6JR2MjGgbOnttoNzSPIRoeZTNPZYyaplwGg50zS3amXvXqF0/qfXpWEC9rLWU564QTB9bSog==",
      "license": "Apache-2.0",
      "dependencies": {
        "tslib": "^2.6.2"
      },
      "engines": {
        "node": ">=20.0.0"
      }
    },
    "node_modules/@aws-sdk/xml-builder": {
      "version": "3.972.35",
      "resolved": "https://registry.npmjs.org/@aws-sdk/xml-builder/-/xml-builder-3.972.35.tgz",
      "integrity": "sha512-pXzaWe3evZhjxDXAlMnqISe/XefTCGwBJG4nFTXaWSgAnMkqPEhxEPqJNhhpGesEvKFhvNpnozJJ4GTL11bRYw==",
      "license": "Apache-2.0",
      "dependencies": {
        "@smithy/types": "^4.16.1",
        "tslib": "^2.6.2"
      },
      "engines": {
        "node": ">=20.0.0"
      }
    },
    "node_modules/@aws/lambda-invoke-store": {
      "version": "0.3.0",
      "resolved": "https://registry.npmjs.org/@aws/lambda-invoke-store/-/lambda-invoke-store-0.3.0.tgz",
      "integrity": "sha512-sl4Bm6yiMNYrZKkqqDFWN0UfnWhlS8ivKxrYl+6t0gCLrqr8y3B2IqZZbFRkfaVVp7C/baApyh71P+LeE1A2sQ==",
      "license": "Apache-2.0",
      "engines": {
        "node": ">=18.0.0"
      }
    },
    "node_modules/@jridgewell/sourcemap-codec": {
      "version": "1.5.5",
      "resolved": "https://registry.npmjs.org/@jridgewell/sourcemap-codec/-/sourcemap-codec-1.5.5.tgz",
      "integrity": "sha512-cYQ9310grqxueWbl+WuIUIaiUaDcj7WOq5fVhEljNVgRfOUhY9fy2zTvfoqWsnebh8Sl70VScFbICvJnLKB0Og==",
      "license": "MIT"
    },
    "node_modules/@opentelemetry/api": {
      "version": "1.9.1",
      "resolved": "https://registry.npmjs.org/@opentelemetry/api/-/api-1.9.1.tgz",
      "integrity": "sha512-gLyJlPHPZYdAk1JENA9LeHejZe1Ti77/pTeFm/nMXmQH/HFZlcS/O2XJB+L8fkbrNSqhdtlvjBVjxwUYanNH5Q==",
      "license": "Apache-2.0",
      "engines": {
        "node": ">=8.0.0"
      }
    },
    "node_modules/@opentelemetry/api-logs": {
      "version": "0.220.0",
      "resolved": "https://registry.npmjs.org/@opentelemetry/api-logs/-/api-logs-0.220.0.tgz",
      "integrity": "sha512-CmVa4ImJ+ynfrPMNaAXHET6Bhb44SwzmfyVJFq9ni2jgXJR/l7C6gfVFddNmHP+ZOkP9cf4f9DBe68qVLTHc9w==",
      "license": "Apache-2.0",
      "dependencies": {
        "@opentelemetry/api": "^1.3.0"
      },
      "engines": {
        "node": ">=8.0.0"
      }
    },
    "node_modules/@opentelemetry/core": {
      "version": "2.9.0",
      "resolved": "https://registry.npmjs.org/@opentelemetry/core/-/core-2.9.0.tgz",
      "integrity": "sha512-m2nckMT80NnmjTYSPjJQObBJ+8dgkoajEOUbznL8AHZ3T3yHRk2P7gI1PhEBc1+lOnrYE9UWrWHqJDsmqjmNbw==",
      "license": "Apache-2.0",
      "dependencies": {
        "@opentelemetry/semantic-conventions": "^1.29.0"
      },
      "engines": {
        "node": "^18.19.0 || >=20.6.0"
      },
      "peerDependencies": {
        "@opentelemetry/api": ">=1.0.0 <1.10.0"
      }
    },
    "node_modules/@opentelemetry/instrumentation": {
      "version": "0.220.0",
      "resolved": "https://registry.npmjs.org/@opentelemetry/instrumentation/-/instrumentation-0.220.0.tgz",
      "integrity": "sha512-xQx3E2WxP1mDvKzxLxX+CTCtNLa560YJZ3087qYHerl2YmiKpv7AH+dAy7vmx+eVrZ5BwhfWUAVoKOoxCNHcpw==",
      "license": "Apache-2.0",
      "dependencies": {
        "@opentelemetry/api-logs": "0.220.0",
        "import-in-the-middle": "^3.0.0",
        "require-in-the-middle": "^8.0.0"
      },
      "engines": {
        "node": "^18.19.0 || >=20.6.0"
      },
      "peerDependencies": {
        "@opentelemetry/api": "^1.3.0"
      }
    },
    "node_modules/@opentelemetry/resources": {
      "version": "2.9.0",
      "resolved": "https://registry.npmjs.org/@opentelemetry/resources/-/resources-2.9.0.tgz",
      "integrity": "sha512-jyA5MBLQ+Dkl3+JsZkUoUvL7yHvU64kLsvpXKarWm6347Sl1t1bXFTFykUePNpT5WH5pm9a2Qtt03iIYQhZ1Fg==",
      "license": "Apache-2.0",
      "dependencies": {
        "@opentelemetry/core": "2.9.0",
        "@opentelemetry/semantic-conventions": "^1.29.0"
      },
      "engines": {
        "node": "^18.19.0 || >=20.6.0"
      },
      "peerDependencies": {
        "@opentelemetry/api": ">=1.3.0 <1.10.0"
      }
    },
    "node_modules/@opentelemetry/sdk-trace": {
      "version": "2.9.0",
      "resolved": "https://registry.npmjs.org/@opentelemetry/sdk-trace/-/sdk-trace-2.9.0.tgz",
      "integrity": "sha512-sGA19HvtrrSKYsseHphluH6j3p6Xa3fqc7c7y8f/7mYWejc1lyDFcpSdD1kYa50HCLUeEo4zA5bW0pniaPszuw==",
      "license": "Apache-2.0",
      "dependencies": {
        "@opentelemetry/core": "2.9.0",
        "@opentelemetry/resources": "2.9.0",
        "@opentelemetry/semantic-conventions": "^1.29.0"
      },
      "engines": {
        "node": "^18.19.0 || >=20.6.0"
      },
      "peerDependencies": {
        "@opentelemetry/api": ">=1.3.0 <1.10.0"
      }
    },
    "node_modules/@opentelemetry/sdk-trace-base": {
      "version": "2.9.0",
      "resolved": "https://registry.npmjs.org/@opentelemetry/sdk-trace-base/-/sdk-trace-base-2.9.0.tgz",
      "integrity": "sha512-cp9zmTl62R8PJrpvFcmc8N2JQU/xfa0S+61q511Nji+QxCfZ8Ifvg7H27G8cANe4crg4RTrWsVvanHiXjSp6ag==",
      "license": "Apache-2.0",
      "dependencies": {
        "@opentelemetry/core": "2.9.0",
        "@opentelemetry/resources": "2.9.0",
        "@opentelemetry/sdk-trace": "2.9.0",
        "@opentelemetry/semantic-conventions": "^1.29.0"
      },
      "engines": {
        "node": "^18.19.0 || >=20.6.0"
      },
      "peerDependencies": {
        "@opentelemetry/api": ">=1.3.0 <1.10.0"
      }
    },
    "node_modules/@opentelemetry/semantic-conventions": {
      "version": "1.43.0",
      "resolved": "https://registry.npmjs.org/@opentelemetry/semantic-conventions/-/semantic-conventions-1.43.0.tgz",
      "integrity": "sha512-eSYWTm620tTk45EKSedaUL8MFYI8hW164hIXsgIHyxu3VobUB3fFCu5t0hQby6OoWRPsG1KkKUG2M5UadiLiVg==",
      "license": "Apache-2.0",
      "engines": {
        "node": ">=14"
      }
    },
    "node_modules/@posthog/core": {
      "version": "1.41.1",
      "resolved": "https://registry.npmjs.org/@posthog/core/-/core-1.41.1.tgz",
      "integrity": "sha512-lKjPdeawDSvRhHnP14RwTSI5CofuyluhG3ISHRa+Kj6PyfSrEUyIkoVOpYWicFGgWikeaJCZzFQpo7ngHt9BcA==",
      "license": "MIT",
      "dependencies": {
        "@posthog/types": "^1.394.0"
      }
    },
    "node_modules/@posthog/types": {
      "version": "1.394.0",
      "resolved": "https://registry.npmjs.org/@posthog/types/-/types-1.394.0.tgz",
      "integrity": "sha512-ifQ7p8o8hoHErlJmpzCFzHQcuRam0vXk8LBVhBu4BlPYP6S0tog4FSAFItnI/nwN6cHZI0WFQilr7sIqQa7Flg==",
      "license": "MIT"
    },
    "node_modules/@sentry/conventions": {
      "version": "0.15.1",
      "resolved": "https://registry.npmjs.org/@sentry/conventions/-/conventions-0.15.1.tgz",
      "integrity": "sha512-ZLP8bRdMON3prWE2tJyImuYscCxdcJeIPIhrOs/rgyFm3C1nCh1B6gdvPj3AZ5zW08oSFFCsq7T+tYEW3h8MNA==",
      "license": "MIT",
      "engines": {
        "node": ">=14"
      }
    },
    "node_modules/@sentry/core": {
      "version": "10.65.0",
      "resolved": "https://registry.npmjs.org/@sentry/core/-/core-10.65.0.tgz",
      "integrity": "sha512-3aqtmM5NgNGo45BNaaBzi0LPQZAw//NEL4HKS5fXm12pJMa4KEkze8DEKnkTEIrGnWaOJKamecHKlnNg/Mqf/Q==",
      "license": "MIT",
      "dependencies": {
        "@sentry/conventions": "^0.15.1"
      },
      "engines": {
        "node": ">=18"
      }
    },
    "node_modules/@sentry/node": {
      "version": "10.65.0",
      "resolved": "https://registry.npmjs.org/@sentry/node/-/node-10.65.0.tgz",
      "integrity": "sha512-t35dcdyksysVch/m/XdLgGJqGKJhr9eMD30Ctn3TeQ8yMB0wNXySfjPR5Yg93fpjmfaHtzc6iYIXRAvgNVfrvA==",
      "license": "MIT",
      "dependencies": {
        "@opentelemetry/api": "^1.9.1",
        "@opentelemetry/instrumentation": "^0.220.0",
        "@opentelemetry/sdk-trace-base": "^2.9.0",
        "@sentry/conventions": "^0.15.1",
        "@sentry/core": "10.65.0",
        "@sentry/node-core": "10.65.0",
        "@sentry/opentelemetry": "10.65.0",
        "@sentry/server-utils": "10.65.0",
        "import-in-the-middle": "^3.0.0"
      },
      "engines": {
        "node": ">=18"
      }
    },
    "node_modules/@sentry/node-core": {
      "version": "10.65.0",
      "resolved": "https://registry.npmjs.org/@sentry/node-core/-/node-core-10.65.0.tgz",
      "integrity": "sha512-U01X9mPT+jZnsLPmPWfBU67Ka+t/Sdd9RGAuvGoKdrI6N47a/9PDkM9oCW+kj0fmZwogZHTgSnzJU5oi3pImgA==",
      "license": "MIT",
      "dependencies": {
        "@sentry/conventions": "^0.15.1",
        "@sentry/core": "10.65.0",
        "@sentry/opentelemetry": "10.65.0",
        "import-in-the-middle": "^3.0.0"
      },
      "engines": {
        "node": ">=18"
      },
      "peerDependencies": {
        "@opentelemetry/api": "^1.9.0",
        "@opentelemetry/core": "^1.30.1 || ^2.1.0",
        "@opentelemetry/exporter-trace-otlp-http": ">=0.57.0 <1",
        "@opentelemetry/instrumentation": ">=0.57.1 <1",
        "@opentelemetry/sdk-trace-base": "^1.30.1 || ^2.1.0"
      },
      "peerDependenciesMeta": {
        "@opentelemetry/api": {
          "optional": true
        },
        "@opentelemetry/core": {
          "optional": true
        },
        "@opentelemetry/exporter-trace-otlp-http": {
          "optional": true
        },
        "@opentelemetry/instrumentation": {
          "optional": true
        },
        "@opentelemetry/sdk-trace-base": {
          "optional": true
        }
      }
    },
    "node_modules/@sentry/opentelemetry": {
      "version": "10.65.0",
      "resolved": "https://registry.npmjs.org/@sentry/opentelemetry/-/opentelemetry-10.65.0.tgz",
      "integrity": "sha512-8C6FPvm3XBvUrkM52dX3Gz0p2H0Ij8t4sahUA+GTiCz0WM0fnyPeQPGC/b6I4jamV9UXyCZRnE1UEEGCoD+c7A==",
      "license": "MIT",
      "dependencies": {
        "@sentry/conventions": "^0.15.1",
        "@sentry/core": "10.65.0"
      },
      "engines": {
        "node": ">=18"
      },
      "peerDependencies": {
        "@opentelemetry/api": "^1.9.0",
        "@opentelemetry/core": "^1.30.1 || ^2.1.0",
        "@opentelemetry/sdk-trace-base": "^1.30.1 || ^2.1.0"
      }
    },
    "node_modules/@sentry/server-utils": {
      "version": "10.65.0",
      "resolved": "https://registry.npmjs.org/@sentry/server-utils/-/server-utils-10.65.0.tgz",
      "integrity": "sha512-80toEFD6s+0Le7jrYB6pHWLF703WSg0WyavAWqrBGWG8JkREHgedAxzFYgoY5GlMI756qk6Ea7UzhJTHd2zAXA==",
      "license": "MIT",
      "dependencies": {
        "@apm-js-collab/code-transformer": "^0.15.0",
        "@apm-js-collab/code-transformer-bundler-plugins": "^0.5.0",
        "@apm-js-collab/tracing-hooks": "^0.10.1",
        "@sentry/conventions": "^0.15.1",
        "@sentry/core": "10.65.0",
        "magic-string": "~0.30.0"
      },
      "engines": {
        "node": ">=18"
      }
    },
    "node_modules/@smithy/core": {
      "version": "3.29.4",
      "resolved": "https://registry.npmjs.org/@smithy/core/-/core-3.29.4.tgz",
      "integrity": "sha512-G1GRglAabzEhqghJMBAd54FkRS7SAFGHEwbhcI9r+O+LIMuFsLyXkLZkCoFSgAglRu8s/URVXJB0hglq3ZipIg==",
      "license": "Apache-2.0",
      "dependencies": {
        "@smithy/types": "^4.16.1",
        "tslib": "^2.6.2"
      },
      "engines": {
        "node": ">=18.0.0"
      }
    },
    "node_modules/@smithy/credential-provider-imds": {
      "version": "4.4.9",
      "resolved": "https://registry.npmjs.org/@smithy/credential-provider-imds/-/credential-provider-imds-4.4.9.tgz",
      "integrity": "sha512-2nfV4qRKiYeXU4zD2vvSCfg5dfp/BuhrM73vt7q9gzBhxs4rbPxXY21wo+kyI3bRmXcEGRnCLTaW8O437jzHIg==",
      "license": "Apache-2.0",
      "dependencies": {
        "@smithy/core": "^3.29.4",
        "@smithy/types": "^4.16.1",
        "tslib": "^2.6.2"
      },
      "engines": {
        "node": ">=18.0.0"
      }
    },
    "node_modules/@smithy/fetch-http-handler": {
      "version": "5.6.6",
      "resolved": "https://registry.npmjs.org/@smithy/fetch-http-handler/-/fetch-http-handler-5.6.6.tgz",
      "integrity": "sha512-NHLgAlORUFZjn5ZfhYuyyKMlXA1WLYOdGxEhyNxrPpbJzoacGbl0chn1lN2KiZ8mpNVk0tV5607CSYlYs/OFgw==",
      "license": "Apache-2.0",
      "dependencies": {
        "@smithy/core": "^3.29.4",
        "@smithy/types": "^4.16.1",
        "tslib": "^2.6.2"
      },
      "engines": {
        "node": ">=18.0.0"
      }
    },
    "node_modules/@smithy/middleware-compression": {
      "version": "4.4.6",
      "resolved": "https://registry.npmjs.org/@smithy/middleware-compression/-/middleware-compression-4.4.6.tgz",
      "integrity": "sha512-wZQpnjrGSO2IFxhwWNaeRzHh2swSwRGWaCVgQN9zqYdtP98tcNYyqI7YvPeVTwf9CvQTas7xlmR3NY5L1i32mg==",
      "license": "Apache-2.0",
      "dependencies": {
        "@smithy/core": "^3.24.6",
        "@smithy/types": "^4.14.3",
        "fflate": "0.8.1",
        "tslib": "^2.6.2"
      },
      "engines": {
        "node": ">=18.0.0"
      }
    },
    "node_modules/@smithy/node-http-handler": {
      "version": "4.9.6",
      "resolved": "https://registry.npmjs.org/@smithy/node-http-handler/-/node-http-handler-4.9.6.tgz",
      "integrity": "sha512-odd+HYx3OLcXRSEz0ZeF3JQdSYdK8QnRgA2N87cPW7coWIbKfRk7a9VQjfeWQLqnzrDLk23KMEn46p8N7M/JFg==",
      "license": "Apache-2.0",
      "dependencies": {
        "@smithy/core": "^3.29.4",
        "@smithy/types": "^4.16.1",
        "tslib": "^2.6.2"
      },
      "engines": {
        "node": ">=18.0.0"
      }
    },
    "node_modules/@smithy/signature-v4": {
      "version": "5.6.5",
      "resolved": "https://registry.npmjs.org/@smithy/signature-v4/-/signature-v4-5.6.5.tgz",
      "integrity": "sha512-MO5VEhwVl0BN7xVoVeNrZfiUFoQtqxUbgl6/RwOTlMMxCSjblG8twSrVTwz3J4w9WZxd2rBfBAUXjH77agspBg==",
      "license": "Apache-2.0",
      "dependencies": {
        "@smithy/core": "^3.29.4",
        "@smithy/types": "^4.16.1",
        "tslib": "^2.6.2"
      },
      "engines": {
        "node": ">=18.0.0"
      }
    },
    "node_modules/@smithy/types": {
      "version": "4.16.1",
      "resolved": "https://registry.npmjs.org/@smithy/types/-/types-4.16.1.tgz",
      "integrity": "sha512-0JFs3V2y2M9tKW5na/qxe69Zv+uxLMO7QBbhxF/FHu/Gp2NFZAAL9tWl9PU02xxo07pb3G9FTyjNc6D5uZrJIg==",
      "license": "Apache-2.0",
      "dependencies": {
        "tslib": "^2.6.2"
      },
      "engines": {
        "node": ">=18.0.0"
      }
    },
    "node_modules/@types/estree": {
      "version": "1.0.9",
      "resolved": "https://registry.npmjs.org/@types/estree/-/estree-1.0.9.tgz",
      "integrity": "sha512-GhdPgy1el4/ImP05X05Uw4cw2/M93BCUmnEvWZNStlCzEKME4Fkk+YpoA5OiHNQmoS7Cafb8Xa3Pya8m1Qrzeg==",
      "license": "MIT"
    },
    "node_modules/astring": {
      "version": "1.9.0",
      "resolved": "https://registry.npmjs.org/astring/-/astring-1.9.0.tgz",
      "integrity": "sha512-LElXdjswlqjWrPpJFg1Fx4wpkOCxj1TDHlSV4PlaRxHGWko024xICaa97ZkMfs6DRKlCguiAI+rbXv5GWwXIkg==",
      "license": "MIT",
      "bin": {
        "astring": "bin/astring"
      }
    },
    "node_modules/bowser": {
      "version": "2.14.1",
      "resolved": "https://registry.npmjs.org/bowser/-/bowser-2.14.1.tgz",
      "integrity": "sha512-tzPjzCxygAKWFOJP011oxFHs57HzIhOEracIgAePE4pqB3LikALKnSzUyU4MGs9/iCEUuHlAJTjTc5M+u7YEGg==",
      "license": "MIT"
    },
    "node_modules/cjs-module-lexer": {
      "version": "2.2.0",
      "resolved": "https://registry.npmjs.org/cjs-module-lexer/-/cjs-module-lexer-2.2.0.tgz",
      "integrity": "sha512-4bHTS2YuzUvtoLjdy+98ykbNB5jS0+07EvFNXerqZQJ89F7DI6ET7OQo/HJuW6K0aVsKA9hj9/RVb2kQVOrPDQ==",
      "license": "MIT"
    },
    "node_modules/debug": {
      "version": "4.4.3",
      "resolved": "https://registry.npmjs.org/debug/-/debug-4.4.3.tgz",
      "integrity": "sha512-RGwwWnwQvkVfavKVt22FGLw+xYSdzARwm0ru6DhTVA3umU5hZc28V3kO4stgYryrTlLpuvgI9GiijltAjNbcqA==",
      "license": "MIT",
      "dependencies": {
        "ms": "^2.1.3"
      },
      "engines": {
        "node": ">=6.0"
      },
      "peerDependenciesMeta": {
        "supports-color": {
          "optional": true
        }
      }
    },
    "node_modules/es-module-lexer": {
      "version": "2.3.1",
      "resolved": "https://registry.npmjs.org/es-module-lexer/-/es-module-lexer-2.3.1.tgz",
      "integrity": "sha512-shc1dbU90Yl/xq1QrC7QRtfcwURZuVRfPhZbDoldJ1cn1gzDvBaBWlv0eFolj5+0znnPJz5TXLxsN77X/12KTA==",
      "license": "MIT"
    },
    "node_modules/esquery": {
      "version": "1.7.0",
      "resolved": "https://registry.npmjs.org/esquery/-/esquery-1.7.0.tgz",
      "integrity": "sha512-Ap6G0WQwcU/LHsvLwON1fAQX9Zp0A2Y6Y/cJBl9r/JbW90Zyg4/zbG6zzKa2OTALELarYHmKu0GhpM5EO+7T0g==",
      "license": "BSD-3-Clause",
      "dependencies": {
        "estraverse": "^5.1.0"
      },
      "engines": {
        "node": ">=0.10"
      }
    },
    "node_modules/estraverse": {
      "version": "5.3.0",
      "resolved": "https://registry.npmjs.org/estraverse/-/estraverse-5.3.0.tgz",
      "integrity": "sha512-MMdARuVEQziNTeJD8DgMqmhwR11BRQ/cBP+pLtYdSTnf3MIO8fFeiINEbX36ZdNlfU/7A9f3gUw49B3oQsvwBA==",
      "license": "BSD-2-Clause",
      "engines": {
        "node": ">=4.0"
      }
    },
    "node_modules/fflate": {
      "version": "0.8.1",
      "resolved": "https://registry.npmjs.org/fflate/-/fflate-0.8.1.tgz",
      "integrity": "sha512-/exOvEuc+/iaUm105QIiOt4LpBdMTWsXxqR0HDF35vx3fmaKzw7354gTilCh5rkzEt8WYyG//ku3h3nRmd7CHQ==",
      "license": "MIT"
    },
    "node_modules/import-in-the-middle": {
      "version": "3.3.1",
      "resolved": "https://registry.npmjs.org/import-in-the-middle/-/import-in-the-middle-3.3.1.tgz",
      "integrity": "sha512-0rymlHSFLwZ0ixx8DaQkoIyZojJPY2a0K2nEYslhKJ6jIYO/m0IcCb7iQsFPmS7WmKwISZiIrv5Icstrw/CmqA==",
      "license": "Apache-2.0",
      "dependencies": {
        "cjs-module-lexer": "^2.2.0",
        "es-module-lexer": "^2.2.0",
        "module-details-from-path": "^1.0.4"
      },
      "engines": {
        "node": ">=18"
      }
    },
    "node_modules/lambda-shared": {
      "resolved": "../shared",
      "link": true
    },
    "node_modules/magic-string": {
      "version": "0.30.21",
      "resolved": "https://registry.npmjs.org/magic-string/-/magic-string-0.30.21.tgz",
      "integrity": "sha512-vd2F4YUyEXKGcLHoq+TEyCjxueSeHnFxyyjNp80yg0XV4vUhnDer/lvvlqM/arB5bXQN5K2/3oinyCRyx8T2CQ==",
      "license": "MIT",
      "dependencies": {
        "@jridgewell/sourcemap-codec": "^1.5.5"
      }
    },
    "node_modules/meriyah": {
      "version": "6.1.4",
      "resolved": "https://registry.npmjs.org/meriyah/-/meriyah-6.1.4.tgz",
      "integrity": "sha512-Sz8FzjzI0kN13GK/6MVEsVzMZEPvOhnmmI1lU5+/1cGOiK3QUahntrNNtdVeihrO7t9JpoH75iMNXg6R6uWflQ==",
      "license": "ISC",
      "engines": {
        "node": ">=18.0.0"
      }
    },
    "node_modules/module-details-from-path": {
      "version": "1.0.4",
      "resolved": "https://registry.npmjs.org/module-details-from-path/-/module-details-from-path-1.0.4.tgz",
      "integrity": "sha512-EGWKgxALGMgzvxYF1UyGTy0HXX/2vHLkw6+NvDKW2jypWbHpjQuj4UMcqQWXHERJhVGKikolT06G3bcKe4fi7w==",
      "license": "MIT"
    },
    "node_modules/ms": {
      "version": "2.1.3",
      "resolved": "https://registry.npmjs.org/ms/-/ms-2.1.3.tgz",
      "integrity": "sha512-6FlzubTLZG3J2a/NVCAleEhjzq5oxgHyaCU9yYXvcLsvoVaHJq/s5xXI6/XXP6tz7R9xAOtHnSO/tXtF3WRTlA==",
      "license": "MIT"
    },
    "node_modules/posthog-node": {
      "version": "5.42.0",
      "resolved": "https://registry.npmjs.org/posthog-node/-/posthog-node-5.42.0.tgz",
      "integrity": "sha512-0lMYZQbRQOexGl7U1Ol+ntWogUnjLbkQeKZmFTwtn0Cgxhnk1DGdHYHVcsUvRcWlWjnAOZZ4SMPMq7aHOHWflQ==",
      "license": "MIT",
      "dependencies": {
        "@posthog/core": "^1.41.0"
      },
      "engines": {
        "node": "^20.20.0 || >=22.22.0"
      },
      "peerDependencies": {
        "rxjs": "^7.0.0"
      },
      "peerDependenciesMeta": {
        "rxjs": {
          "optional": true
        }
      }
    },
    "node_modules/require-in-the-middle": {
      "version": "8.0.1",
      "resolved": "https://registry.npmjs.org/require-in-the-middle/-/require-in-the-middle-8.0.1.tgz",
      "integrity": "sha512-QT7FVMXfWOYFbeRBF6nu+I6tr2Tf3u0q8RIEjNob/heKY/nh7drD/k7eeMFmSQgnTtCzLDcCu/XEnpW2wk4xCQ==",
      "license": "MIT",
      "dependencies": {
        "debug": "^4.3.5",
        "module-details-from-path": "^1.0.3"
      },
      "engines": {
        "node": ">=9.3.0 || >=8.10.0 <9.0.0"
      }
    },
    "node_modules/semifies": {
      "version": "1.0.0",
      "resolved": "https://registry.npmjs.org/semifies/-/semifies-1.0.0.tgz",
      "integrity": "sha512-xXR3KGeoxTNWPD4aBvL5NUpMTT7WMANr3EWnaS190QVkY52lqqcVRD7Q05UVbBhiWDGWMlJEUam9m7uFFGVScw==",
      "license": "Apache-2.0"
    },
    "node_modules/source-map": {
      "version": "0.6.1",
      "resolved": "https://registry.npmjs.org/source-map/-/source-map-0.6.1.tgz",
      "integrity": "sha512-UjgapumWlbMhkBgzT7Ykc5YXUT46F0iKu8SGXq0bcwP5dz/h0Plj6enJqjz1Zbq2l5WaqYnrVbwWOWMyF3F47g==",
      "license": "BSD-3-Clause",
      "engines": {
        "node": ">=0.10.0"
      }
    },
    "node_modules/tslib": {
      "version": "2.8.1",
      "resolved": "https://registry.npmjs.org/tslib/-/tslib-2.8.1.tgz",
      "integrity": "sha512-oJFu94HQb+KVduSUQL7wnpmqnfmLsOA/nAh6b6EH0wCEoK0/mPeXU6c3wKDV83MkOuHPRHtSXKKU99IBazS/2w==",
      "license": "0BSD"
    }
  }
}
